// !$*UTF8*$!
{
	archiveVersion = 1;
	classes = {
	};
	objectVersion = 56;
	objects = {

/* Begin PBXBuildFile section */
		C331CD1629ECF7D80059EFB6 /* AvocadosApp.swift in Sources */ = {isa = PBXBuildFile; fileRef = C331CD1529ECF7D80059EFB6 /* AvocadosApp.swift */; };
		C331CD1829ECF7D80059EFB6 /* ContentView.swift in Sources */ = {isa = PBXBuildFile; fileRef = C331CD1729ECF7D80059EFB6 /* ContentView.swift */; };
		C331CD1A29ECF7D90059EFB6 /* Assets.xcassets in Resources */ = {isa = PBXBuildFile; fileRef = C331CD1929ECF7D90059EFB6 /* Assets.xcassets */; };
		C331CD1D29ECF7D90059EFB6 /* Preview Assets.xcassets in Resources */ = {isa = PBXBuildFile; fileRef = C331CD1C29ECF7D90059EFB6 /* Preview Assets.xcassets */; };
		C331CD3529ED021A0059EFB6 /* RecipeData.txt in Resources */ = {isa = PBXBuildFile; fileRef = C331CD3029ED021A0059EFB6 /* RecipeData.txt */; };
		C331CD3629ED021A0059EFB6 /* RipeningData.txt in Resources */ = {isa = PBXBuildFile; fileRef = C331CD3129ED021A0059EFB6 /* RipeningData.txt */; };
		C331CD3729ED021A0059EFB6 /* FactData.txt in Resources */ = {isa = PBXBuildFile; fileRef = C331CD3229ED021A0059EFB6 /* FactData.txt */; };
		C331CD3829ED021A0059EFB6 /* Avocados.txt in Resources */ = {isa = PBXBuildFile; fileRef = C331CD3329ED021A0059EFB6 /* Avocados.txt */; };
		C331CD3929ED021A0059EFB6 /* HeaderData.txt in Resources */ = {isa = PBXBuildFile; fileRef = C331CD3429ED021A0059EFB6 /* HeaderData.txt */; };
		C331CD3D29ED03160059EFB6 /* LaunchScreenStep.swift in Sources */ = {isa = PBXBuildFile; fileRef = C331CD3C29ED03160059EFB6 /* LaunchScreenStep.swift */; };
		C331CD3F29ED03300059EFB6 /* LaunchScreenStateManager.swift in Sources */ = {isa = PBXBuildFile; fileRef = C331CD3E29ED03300059EFB6 /* LaunchScreenStateManager.swift */; };
		C331CD4129ED03790059EFB6 /* LaunchScreenView.swift in Sources */ = {isa = PBXBuildFile; fileRef = C331CD4029ED03790059EFB6 /* LaunchScreenView.swift */; };
/* End PBXBuildFile section */

/* Begin PBXFileReference section */
		C331CD1229ECF7D80059EFB6 /* Avocados.app */ = {isa = PBXFileReference; explicitFileType = wrapper.application; includeInIndex = 0; path = Avocados.app; sourceTree = BUILT_PRODUCTS_DIR; };
		C331CD1529ECF7D80059EFB6 /* AvocadosApp.swift */ = {isa = PBXFileReference; lastKnownFileType = sourcecode.swift; path = AvocadosApp.swift; sourceTree = "<group>"; };
		C331CD1729ECF7D80059EFB6 /* ContentView.swift */ = {isa = PBXFileReference; lastKnownFileType = sourcecode.swift; path = ContentView.swift; sourceTree = "<group>"; };
		C331CD1929ECF7D90059EFB6 /* Assets.xcassets */ = {isa = PBXFileReference; lastKnownFileType = folder.assetcatalog; path = Assets.xcassets; sourceTree = "<group>"; };
		C331CD1C29ECF7D90059EFB6 /* Preview Assets.xcassets */ = {isa = PBXFileReference; lastKnownFileType = folder.assetcatalog; path = "Preview Assets.xcassets"; sourceTree = "<group>"; };
		C331CD3029ED021A0059EFB6 /* RecipeData.txt */ = {isa = PBXFileReference; fileEncoding = 4; lastKnownFileType = text; path = RecipeData.txt; sourceTree = "<group>"; };
		C331CD3129ED021A0059EFB6 /* RipeningData.txt */ = {isa = PBXFileReference; fileEncoding = 4; lastKnownFileType = text; path = RipeningData.txt; sourceTree = "<group>"; };
		C331CD3229ED021A0059EFB6 /* FactData.txt */ = {isa = PBXFileReference; fileEncoding = 4; lastKnownFileType = text; path = FactData.txt; sourceTree = "<group>"; };
		C331CD3329ED021A0059EFB6 /* Avocados.txt */ = {isa = PBXFileReference; fileEncoding = 4; lastKnownFileType = text; path = Avocados.txt; sourceTree = "<group>"; };
		C331CD3429ED021A0059EFB6 /* HeaderData.txt */ = {isa = PBXFileReference; fileEncoding = 4; lastKnownFileType = text; path = HeaderData.txt; sourceTree = "<group>"; };
		C331CD3A29ED02AD0059EFB6 /* Info.plist */ = {isa = PBXFileReference; lastKnownFileType = text.plist; path = Info.plist; sourceTree = "<group>"; };
		C331CD3C29ED03160059EFB6 /* LaunchScreenStep.swift */ = {isa = PBXFileReference; lastKnownFileType = sourcecode.swift; path = LaunchScreenStep.swift; sourceTree = "<group>"; };
		C331CD3E29ED03300059EFB6 /* LaunchScreenStateManager.swift */ = {isa = PBXFileReference; lastKnownFileType = sourcecode.swift; path = LaunchScreenStateManager.swift; sourceTree = "<group>"; };
		C331CD4029ED03790059EFB6 /* LaunchScreenView.swift */ = {isa = PBXFileReference; lastKnownFileType = sourcecode.swift; path = LaunchScreenView.swift; sourceTree = "<group>"; };
/* End PBXFileReference section */

/* Begin PBXFrameworksBuildPhase section */
		C331CD0F29ECF7D80059EFB6 /* Frameworks */ = {
			isa = PBXFrameworksBuildPhase;
			buildActionMask = 2147483647;
			files = (
			);
			runOnlyForDeploymentPostprocessing = 0;
		};
/* End PBXFrameworksBuildPhase section */

/* Begin PBXGroup section */
		C331CD0929ECF7D80059EFB6 = {
			isa = PBXGroup;
			children = (
				C331CD1429ECF7D80059EFB6 /* Avocados */,
				C331CD1329ECF7D80059EFB6 /* Products */,
			);
			sourceTree = "<group>";
		};
		C331CD1329ECF7D80059EFB6 /* Products */ = {
			isa = PBXGroup;
			children = (
				C331CD1229ECF7D80059EFB6 /* Avocados.app */,
			);
			name = Products;
			sourceTree = "<group>";
		};
		C331CD1429ECF7D80059EFB6 /* Avocados */ = {
			isa = PBXGroup;
			children = (
				C331CD3A29ED02AD0059EFB6 /* Info.plist */,
				C331CD2329ECFBD80059EFB6 /* App */,
				C331CD2529ED01C90059EFB6 /* Data */,
				C331CD2429ECFBDD0059EFB6 /* View */,
				C331CD3B29ED030F0059EFB6 /* Utils */,
				C331CD1B29ECF7D90059EFB6 /* Preview Content */,
			);
			path = Avocados;
			sourceTree = "<group>";
		};
		C331CD1B29ECF7D90059EFB6 /* Preview Content */ = {
			isa = PBXGroup;
			children = (
				C331CD1C29ECF7D90059EFB6 /* Preview Assets.xcassets */,
			);
			path = "Preview Content";
			sourceTree = "<group>";
		};
		C331CD2329ECFBD80059EFB6 /* App */ = {
			isa = PBXGroup;
			children = (
				C331CD1529ECF7D80059EFB6 /* AvocadosApp.swift */,
				C331CD1929ECF7D90059EFB6 /* Assets.xcassets */,
			);
			path = App;
			sourceTree = "<group>";
		};
		C331CD2429ECFBDD0059EFB6 /* View */ = {
			isa = PBXGroup;
			children = (
				C331CD4229ED07660059EFB6 /* Splash Screen */,
				C331CD1729ECF7D80059EFB6 /* ContentView.swift */,
			);
			path = View;
			sourceTree = "<group>";
		};
		C331CD2529ED01C90059EFB6 /* Data */ = {
			isa = PBXGroup;
			children = (
				C331CD3329ED021A0059EFB6 /* Avocados.txt */,
				C331CD3229ED021A0059EFB6 /* FactData.txt */,
				C331CD3429ED021A0059EFB6 /* HeaderData.txt */,
				C331CD3029ED021A0059EFB6 /* RecipeData.txt */,
				C331CD3129ED021A0059EFB6 /* RipeningData.txt */,
			);
			path = Data;
			sourceTree = "<group>";
		};
		C331CD3B29ED030F0059EFB6 /* Utils */ = {
			isa = PBXGroup;
			children = (
				C331CD3C29ED03160059EFB6 /* LaunchScreenStep.swift */,
				C331CD3E29ED03300059EFB6 /* LaunchScreenStateManager.swift */,
			);
			path = Utils;
			sourceTree = "<group>";
		};
		C331CD4229ED07660059EFB6 /* Splash Screen */ = {
			isa = PBXGroup;
			children = (
				C331CD4029ED03790059EFB6 /* LaunchScreenView.swift */,
			);
			path = "Splash Screen";
			sourceTree = "<group>";
		};
/* End PBXGroup section */

/* Begin PBXNativeTarget section */
		C331CD1129ECF7D80059EFB6 /* Avocados */ = {
			isa = PBXNativeTarget;
			buildConfigurationList = C331CD2029ECF7D90059EFB6 /* Build configuration list for PBXNativeTarget "Avocados" */;
			buildPhases = (
				C331CD0E29ECF7D80059EFB6 /* Sources */,
				C331CD0F29ECF7D80059EFB6 /* Frameworks */,
				C331CD1029ECF7D80059EFB6 /* Resources */,
			);
			buildRules = (
			);
			dependencies = (
			);
			name = Avocados;
			productName = Avocados;
			productReference = C331CD1229ECF7D80059EFB6 /* Avocados.app */;
			productType = "com.apple.product-type.application";
		};
/* End PBXNativeTarget section */

/* Begin PBXProject section */
		C331CD0A29ECF7D80059EFB6 /* Project object */ = {
			isa = PBXProject;
			attributes = {
				BuildIndependentTargetsInParallel = 1;
				LastSwiftUpdateCheck = 1430;
				LastUpgradeCheck = 1430;
				TargetAttributes = {
					C331CD1129ECF7D80059EFB6 = {
						CreatedOnToolsVersion = 14.3;
					};
				};
			};
			buildConfigurationList = C331CD0D29ECF7D80059EFB6 /* Build configuration list for PBXProject "Avocados" */;
			compatibilityVersion = "Xcode 14.0";
			developmentRegion = en;
			hasScannedForEncodings = 0;
			knownRegions = (
				en,
				Base,
			);
			mainGroup = C331CD0929ECF7D80059EFB6;
			productRefGroup = C331CD1329ECF7D80059EFB6 /* Products */;
			projectDirPath = "";
			projectRoot = "";
			targets = (
				C331CD1129ECF7D80059EFB6 /* Avocados */,
			);
		};
/* End PBXProject section */

/* Begin PBXResourcesBuildPhase section */
		C331CD1029ECF7D80059EFB6 /* Resources */ = {
			isa = PBXResourcesBuildPhase;
			buildActionMask = 2147483647;
			files = (
				C331CD3829ED021A0059EFB6 /* Avocados.txt in Resources */,
				C331CD3629ED021A0059EFB6 /* RipeningData.txt in Resources */,
				C331CD1D29ECF7D90059EFB6 /* Preview Assets.xcassets in Resources */,
				C331CD3729ED021A0059EFB6 /* FactData.txt in Resources */,
				C331CD1A29ECF7D90059EFB6 /* Assets.xcassets in Resources */,
				C331CD3929ED021A0059EFB6 /* HeaderData.txt in Resources */,
				C331CD3529ED021A0059EFB6 /* RecipeData.txt in Resources */,
			);
			runOnlyForDeploymentPostprocessing = 0;
		};
/* End PBXResourcesBuildPhase section */

/* Begin PBXSourcesBuildPhase section */
		C331CD0E29ECF7D80059EFB6 /* Sources */ = {
			isa = PBXSourcesBuildPhase;
			buildActionMask = 2147483647;
			files = (
				C331CD4129ED03790059EFB6 /* LaunchScreenView.swift in Sources */,
				C331CD3D29ED03160059EFB6 /* LaunchScreenStep.swift in Sources */,
				C331CD3F29ED03300059EFB6 /* LaunchScreenStateManager.swift in Sources */,
				C331CD1829ECF7D80059EFB6 /* ContentView.swift in Sources */,
				C331CD1629ECF7D80059EFB6 /* AvocadosApp.swift in Sources */,
			);
			runOnlyForDeploymentPostprocessing = 0;
		};
/* End PBXSourcesBuildPhase section */

/* Begin XCBuildConfiguration section */
		C331CD1E29ECF7D90059EFB6 /* Debug */ = {
			isa = XCBuildConfiguration;
			buildSettings = {
				ALWAYS_SEARCH_USER_PATHS = NO;
				CLANG_ANALYZER_NONNULL = YES;
				CLANG_ANALYZER_NUMBER_OBJECT_CONVERSION = YES_AGGRESSIVE;
				CLANG_CXX_LANGUAGE_STANDARD = "gnu++20";
				CLANG_ENABLE_MODULES = YES;
				CLANG_ENABLE_OBJC_ARC = YES;
				CLANG_ENABLE_OBJC_WEAK = YES;
				CLANG_WARN_BLOCK_CAPTURE_AUTORELEASING = YES;
				CLANG_WARN_BOOL_CONVERSION = YES;
				CLANG_WARN_COMMA = YES;
				CLANG_WARN_CONSTANT_CONVERSION = YES;
				CLANG_WARN_DEPRECATED_OBJC_IMPLEMENTATIONS = YES;
				CLANG_WARN_DIRECT_OBJC_ISA_USAGE = YES_ERROR;
				CLANG_WARN_DOCUMENTATION_COMMENTS = YES;
				CLANG_WARN_EMPTY_BODY = YES;
				CLANG_WARN_ENUM_CONVERSION = YES;
				CLANG_WARN_INFINITE_RECURSION = YES;
				CLANG_WARN_INT_CONVERSION = YES;
				CLANG_WARN_NON_LITERAL_NULL_CONVERSION = YES;
				CLANG_WARN_OBJC_IMPLICIT_RETAIN_SELF = YES;
				CLANG_WARN_OBJC_LITERAL_CONVERSION = YES;
				CLANG_WARN_OBJC_ROOT_CLASS = YES_ERROR;
				CLANG_WARN_QUOTED_INCLUDE_IN_FRAMEWORK_HEADER = YES;
				CLANG_WARN_RANGE_LOOP_ANALYSIS = YES;
				CLANG_WARN_STRICT_PROTOTYPES = YES;
				CLANG_WARN_SUSPICIOUS_MOVE = YES;
				CLANG_WARN_UNGUARDED_AVAILABILITY = YES_AGGRESSIVE;
				CLANG_WARN_UNREACHABLE_CODE = YES;
				CLANG_WARN__DUPLICATE_METHOD_MATCH = YES;
				COPY_PHASE_STRIP = NO;
				DEBUG_INFORMATION_FORMAT = dwarf;
				ENABLE_STRICT_OBJC_MSGSEND = YES;
				ENABLE_TESTABILITY = YES;
				GCC_C_LANGUAGE_STANDARD = gnu11;
				GCC_DYNAMIC_NO_PIC = NO;
				GCC_NO_COMMON_BLOCKS = YES;
				GCC_OPTIMIZATION_LEVEL = 0;
				GCC_PREPROCESSOR_DEFINITIONS = (
					"DEBUG=1",
					"$(inherited)",
				);
				GCC_WARN_64_TO_32_BIT_CONVERSION = YES;
				GCC_WARN_ABOUT_RETURN_TYPE = YES_ERROR;
				GCC_WARN_UNDECLARED_SELECTOR = YES;
				GCC_WARN_UNINITIALIZED_AUTOS = YES_AGGRESSIVE;
				GCC_WARN_UNUSED_FUNCTION = YES;
				GCC_WARN_UNUSED_VARIABLE = YES;
				IPHONEOS_DEPLOYMENT_TARGET = 16.4;
				MTL_ENABLE_DEBUG_INFO = INCLUDE_SOURCE;
				MTL_FAST_MATH = YES;
				ONLY_ACTIVE_ARCH = YES;
				SDKROOT = iphoneos;
				SWIFT_ACTIVE_COMPILATION_CONDITIONS = DEBUG;
				SWIFT_OPTIMIZATION_LEVEL = "-Onone";
			};
			name = Debug;
		};
		C331CD1F29ECF7D90059EFB6 /* Release */ = {
			isa = XCBuildConfiguration;
			buildSettings = {
				ALWAYS_SEARCH_USER_PATHS = NO;
				CLANG_ANALYZER_NONNULL = YES;
				CLANG_ANALYZER_NUMBER_OBJECT_CONVERSION = YES_AGGRESSIVE;
				CLANG_CXX_LANGUAGE_STANDARD = "gnu++20";
				CLANG_ENABLE_MODULES = YES;
				CLANG_ENABLE_OBJC_ARC = YES;
				CLANG_ENABLE_OBJC_WEAK = YES;
				CLANG_WARN_BLOCK_CAPTURE_AUTORELEASING = YES;
				CLANG_WARN_BOOL_CONVERSION = YES;
				CLANG_WARN_COMMA = YES;
				CLANG_WARN_CONSTANT_CONVERSION = YES;
				CLANG_WARN_DEPRECATED_OBJC_IMPLEMENTATIONS = YES;
				CLANG_WARN_DIRECT_OBJC_ISA_USAGE = YES_ERROR;
				CLANG_WARN_DOCUMENTATION_COMMENTS = YES;
				CLANG_WARN_EMPTY_BODY = YES;
				CLANG_WARN_ENUM_CONVERSION = YES;
				CLANG_WARN_INFINITE_RECURSION = YES;
				CLANG_WARN_INT_CONVERSION = YES;
				CLANG_WARN_NON_LITERAL_NULL_CONVERSION = YES;
				CLANG_WARN_OBJC_IMPLICIT_RETAIN_SELF = YES;
				CLANG_WARN_OBJC_LITERAL_CONVERSION = YES;
				CLANG_WARN_OBJC_ROOT_CLASS = YES_ERROR;
				CLANG_WARN_QUOTED_INCLUDE_IN_FRAMEWORK_HEADER = YES;
				CLANG_WARN_RANGE_LOOP_ANALYSIS = YES;
				CLANG_WARN_STRICT_PROTOTYPES = YES;
				CLANG_WARN_SUSPICIOUS_MOVE = YES;
				CLANG_WARN_UNGUARDED_AVAILABILITY = YES_AGGRESSIVE;
				CLANG_WARN_UNREACHABLE_CODE = YES;
				CLANG_WARN__DUPLICATE_METHOD_MATCH = YES;
				COPY_PHASE_STRIP = NO;
				DEBUG_INFORMATION_FORMAT = "dwarf-with-dsym";
				ENABLE_NS_ASSERTIONS = NO;
				ENABLE_STRICT_OBJC_MSGSEND = YES;
				GCC_C_LANGUAGE_STANDARD = gnu11;
				GCC_NO_COMMON_BLOCKS = YES;
				GCC_WARN_64_TO_32_BIT_CONVERSION = YES;
				GCC_WARN_ABOUT_RETURN_TYPE = YES_ERROR;
				GCC_WARN_UNDECLARED_SELECTOR = YES;
				GCC_WARN_UNINITIALIZED_AUTOS = YES_AGGRESSIVE;
				GCC_WARN_UNUSED_FUNCTION = YES;
				GCC_WARN_UNUSED_VARIABLE = YES;
				IPHONEOS_DEPLOYMENT_TARGET = 16.4;
				MTL_ENABLE_DEBUG_INFO = NO;
				MTL_FAST_MATH = YES;
				SDKROOT = iphoneos;
				SWIFT_COMPILATION_MODE = wholemodule;
				SWIFT_OPTIMIZATION_LEVEL = "-O";
				VALIDATE_PRODUCT = YES;
			};
			name = Release;
		};
		C331CD2129ECF7D90059EFB6 /* Debug */ = {
			isa = XCBuildConfiguration;
			buildSettings = {
				ASSETCATALOG_COMPILER_APPICON_NAME = AppIcon;
				ASSETCATALOG_COMPILER_GLOBAL_ACCENT_COLOR_NAME = AccentColor;
				CODE_SIGN_STYLE = Automatic;
				CURRENT_PROJECT_VERSION = 1;
				DEVELOPMENT_ASSET_PATHS = "\"Avocados/Preview Content\"";
				DEVELOPMENT_TEAM = 828D2J84L9;
				ENABLE_PREVIEWS = YES;
				GENERATE_INFOPLIST_FILE = YES;
				INFOPLIST_FILE = Avocados/Info.plist;
				INFOPLIST_KEY_UIApplicationSceneManifest_Generation = YES;
				INFOPLIST_KEY_UIApplicationSupportsIndirectInputEvents = YES;
				INFOPLIST_KEY_UISupportedInterfaceOrientations = UIInterfaceOrientationPortrait;
				INFOPLIST_KEY_UISupportedInterfaceOrientations_iPad = "UIInterfaceOrientationPortrait UIInterfaceOrientationPortraitUpsideDown";
				IPHONEOS_DEPLOYMENT_TARGET = 16.0;
				LD_RUNPATH_SEARCH_PATHS = (
					"$(inherited)",
					"@executable_path/Frameworks",
				);
				MARKETING_VERSION = 1.0;
				PRODUCT_BUNDLE_IDENTIFIER = com.patriciafiona.avocados;
				PRODUCT_NAME = "$(TARGET_NAME)";
				SWIFT_EMIT_LOC_STRINGS = YES;
				SWIFT_VERSION = 5.0;
				TARGETED_DEVICE_FAMILY = "1,2";
			};
			name = Debug;
		};
		C331CD2229ECF7D90059EFB6 /* Release */ = {
			isa = XCBuildConfiguration;
			buildSettings = {
				ASSETCATALOG_COMPILER_APPICON_NAME = AppIcon;
				ASSETCATALOG_COMPILER_GLOBAL_ACCENT_COLOR_NAME = AccentColor;
				CODE_SIGN_STYLE = Automatic;
				CURRENT_PROJECT_VERSION = 1;
				DEVELOPMENT_ASSET_PATHS = "\"Avocados/Preview Content\"";
				DEVELOPMENT_TEAM = 828D2J84L9;
				ENABLE_PREVIEWS = YES;
				GENERATE_INFOPLIST_FILE = YES;
				INFOPLIST_FILE = Avocados/Info.plist;
				INFOPLIST_KEY_UIApplicationSceneManifest_Generation = YES;
				INFOPLIST_KEY_UIApplicationSupportsIndirectInputEvents = YES;
				INFOPLIST_KEY_UISupportedInterfaceOrientations = UIInterfaceOrientationPortrait;
				INFOPLIST_KEY_UISupportedInterfaceOrientations_iPad = "UIInterfaceOrientationPortrait UIInterfaceOrientationPortraitUpsideDown";
				IPHONEOS_DEPLOYMENT_TARGET = 16.0;
				LD_RUNPATH_SEARCH_PATHS = (
					"$(inherited)",
					"@executable_path/Frameworks",
				);
				MARKETING_VERSION = 1.0;
				PRODUCT_BUNDLE_IDENTIFIER = com.patriciafiona.avocados;
				PRODUCT_NAME = "$(TARGET_NAME)";
				SWIFT_EMIT_LOC_STRINGS = YES;
				SWIFT_VERSION = 5.0;
				TARGETED_DEVICE_FAMILY = "1,2";
			};
			name = Release;
		};
/* End XCBuildConfiguration section */

/* Begin XCConfigurationList section */
		C331CD0D29ECF7D80059EFB6 /* Build configuration list for PBXProject "Avocados" */ = {
			isa = XCConfigurationList;
			buildConfigurations = (
				C331CD1E29ECF7D90059EFB6 /* Debug */,
				C331CD1F29ECF7D90059EFB6 /* Release */,
			);
			defaultConfigurationIsVisible = 0;
			defaultConfigurationName = Release;
		};
		C331CD2029ECF7D90059EFB6 /* Build configuration list for PBXNativeTarget "Avocados" */ = {
			isa = XCConfigurationList;
			buildConfigurations = (
				C331CD2129ECF7D90059EFB6 /* Debug */,
				C331CD2229ECF7D90059EFB6 /* Release */,
			);
			defaultConfigurationIsVisible = 0;
			defaultConfigurationName = Release;
		};
/* End XCConfigurationList section */
	};
	rootObject = C331CD0A29ECF7D80059EFB6 /* Project object */;
}
