// !$*UTF8*$!
{
	archiveVersion = 1;
	classes = {
	};
	objectVersion = 56;
	objects = {

/* Begin PBXBuildFile section */
		C331CCD729E79EF60059EFB6 /* Learn_by_DoingApp.swift in Sources */ = {isa = PBXBuildFile; fileRef = C331CCD629E79EF60059EFB6 /* Learn_by_DoingApp.swift */; };
		C331CCD929E79EF60059EFB6 /* ContentView.swift in Sources */ = {isa = PBXBuildFile; fileRef = C331CCD829E79EF60059EFB6 /* ContentView.swift */; };
		C331CCDB29E79EF70059EFB6 /* Assets.xcassets in Resources */ = {isa = PBXBuildFile; fileRef = C331CCDA29E79EF70059EFB6 /* Assets.xcassets */; };
		C331CCDE29E79EF70059EFB6 /* Preview Assets.xcassets in Resources */ = {isa = PBXBuildFile; fileRef = C331CCDD29E79EF70059EFB6 /* Preview Assets.xcassets */; };
		C331CCE929E7A07A0059EFB6 /* sound-chime.mp3 in Resources */ = {isa = PBXBuildFile; fileRef = C331CCE829E7A07A0059EFB6 /* sound-chime.mp3 */; };
		C331CCEE29E7A17C0059EFB6 /* card-data.txt in Resources */ = {isa = PBXBuildFile; fileRef = C331CCED29E7A17C0059EFB6 /* card-data.txt */; };
/* End PBXBuildFile section */

/* Begin PBXFileReference section */
		C331CCD329E79EF60059EFB6 /* Learn by Doing.app */ = {isa = PBXFileReference; explicitFileType = wrapper.application; includeInIndex = 0; path = "Learn by Doing.app"; sourceTree = BUILT_PRODUCTS_DIR; };
		C331CCD629E79EF60059EFB6 /* Learn_by_DoingApp.swift */ = {isa = PBXFileReference; lastKnownFileType = sourcecode.swift; path = Learn_by_DoingApp.swift; sourceTree = "<group>"; };
		C331CCD829E79EF60059EFB6 /* ContentView.swift */ = {isa = PBXFileReference; lastKnownFileType = sourcecode.swift; path = ContentView.swift; sourceTree = "<group>"; };
		C331CCDA29E79EF70059EFB6 /* Assets.xcassets */ = {isa = PBXFileReference; lastKnownFileType = folder.assetcatalog; path = Assets.xcassets; sourceTree = "<group>"; };
		C331CCDD29E79EF70059EFB6 /* Preview Assets.xcassets */ = {isa = PBXFileReference; lastKnownFileType = folder.assetcatalog; path = "Preview Assets.xcassets"; sourceTree = "<group>"; };
		C331CCE829E7A07A0059EFB6 /* sound-chime.mp3 */ = {isa = PBXFileReference; lastKnownFileType = audio.mp3; path = "sound-chime.mp3"; sourceTree = "<group>"; };
		C331CCED29E7A17C0059EFB6 /* card-data.txt */ = {isa = PBXFileReference; fileEncoding = 4; lastKnownFileType = text; path = "card-data.txt"; sourceTree = "<group>"; };
/* End PBXFileReference section */

/* Begin PBXFrameworksBuildPhase section */
		C331CCD029E79EF60059EFB6 /* Frameworks */ = {
			isa = PBXFrameworksBuildPhase;
			buildActionMask = 2147483647;
			files = (
			);
			runOnlyForDeploymentPostprocessing = 0;
		};
/* End PBXFrameworksBuildPhase section */

/* Begin PBXGroup section */
		C331CCCA29E79EF60059EFB6 = {
			isa = PBXGroup;
			children = (
				C331CCD529E79EF60059EFB6 /* Learn by Doing */,
				C331CCD429E79EF60059EFB6 /* Products */,
			);
			sourceTree = "<group>";
		};
		C331CCD429E79EF60059EFB6 /* Products */ = {
			isa = PBXGroup;
			children = (
				C331CCD329E79EF60059EFB6 /* Learn by Doing.app */,
			);
			name = Products;
			sourceTree = "<group>";
		};
		C331CCD529E79EF60059EFB6 /* Learn by Doing */ = {
			isa = PBXGroup;
			children = (
				C331CCEA29E7A1230059EFB6 /* Data */,
				C331CCE529E7A01E0059EFB6 /* Sound */,
				C331CCE429E79EFE0059EFB6 /* View */,
				C331CCD629E79EF60059EFB6 /* Learn_by_DoingApp.swift */,
				C331CCDA29E79EF70059EFB6 /* Assets.xcassets */,
				C331CCDC29E79EF70059EFB6 /* Preview Content */,
			);
			path = "Learn by Doing";
			sourceTree = "<group>";
		};
		C331CCDC29E79EF70059EFB6 /* Preview Content */ = {
			isa = PBXGroup;
			children = (
				C331CCDD29E79EF70059EFB6 /* Preview Assets.xcassets */,
			);
			path = "Preview Content";
			sourceTree = "<group>";
		};
		C331CCE429E79EFE0059EFB6 /* View */ = {
			isa = PBXGroup;
			children = (
				C331CCD829E79EF60059EFB6 /* ContentView.swift */,
			);
			path = View;
			sourceTree = "<group>";
		};
		C331CCE529E7A01E0059EFB6 /* Sound */ = {
			isa = PBXGroup;
			children = (
				C331CCE829E7A07A0059EFB6 /* sound-chime.mp3 */,
			);
			path = Sound;
			sourceTree = "<group>";
		};
		C331CCEA29E7A1230059EFB6 /* Data */ = {
			isa = PBXGroup;
			children = (
				C331CCED29E7A17C0059EFB6 /* card-data.txt */,
			);
			path = Data;
			sourceTree = "<group>";
		};
/* End PBXGroup section */

/* Begin PBXNativeTarget section */
		C331CCD229E79EF60059EFB6 /* Learn by Doing */ = {
			isa = PBXNativeTarget;
			buildConfigurationList = C331CCE129E79EF70059EFB6 /* Build configuration list for PBXNativeTarget "Learn by Doing" */;
			buildPhases = (
				C331CCCF29E79EF60059EFB6 /* Sources */,
				C331CCD029E79EF60059EFB6 /* Frameworks */,
				C331CCD129E79EF60059EFB6 /* Resources */,
			);
			buildRules = (
			);
			dependencies = (
			);
			name = "Learn by Doing";
			productName = "Learn by Doing";
			productReference = C331CCD329E79EF60059EFB6 /* Learn by Doing.app */;
			productType = "com.apple.product-type.application";
		};
/* End PBXNativeTarget section */

/* Begin PBXProject section */
		C331CCCB29E79EF60059EFB6 /* Project object */ = {
			isa = PBXProject;
			attributes = {
				BuildIndependentTargetsInParallel = 1;
				LastSwiftUpdateCheck = 1430;
				LastUpgradeCheck = 1430;
				TargetAttributes = {
					C331CCD229E79EF60059EFB6 = {
						CreatedOnToolsVersion = 14.3;
					};
				};
			};
			buildConfigurationList = C331CCCE29E79EF60059EFB6 /* Build configuration list for PBXProject "Learn by Doing" */;
			compatibilityVersion = "Xcode 14.0";
			developmentRegion = en;
			hasScannedForEncodings = 0;
			knownRegions = (
				en,
				Base,
			);
			mainGroup = C331CCCA29E79EF60059EFB6;
			productRefGroup = C331CCD429E79EF60059EFB6 /* Products */;
			projectDirPath = "";
			projectRoot = "";
			targets = (
				C331CCD229E79EF60059EFB6 /* Learn by Doing */,
			);
		};
/* End PBXProject section */

/* Begin PBXResourcesBuildPhase section */
		C331CCD129E79EF60059EFB6 /* Resources */ = {
			isa = PBXResourcesBuildPhase;
			buildActionMask = 2147483647;
			files = (
				C331CCEE29E7A17C0059EFB6 /* card-data.txt in Resources */,
				C331CCDE29E79EF70059EFB6 /* Preview Assets.xcassets in Resources */,
				C331CCE929E7A07A0059EFB6 /* sound-chime.mp3 in Resources */,
				C331CCDB29E79EF70059EFB6 /* Assets.xcassets in Resources */,
			);
			runOnlyForDeploymentPostprocessing = 0;
		};
/* End PBXResourcesBuildPhase section */

/* Begin PBXSourcesBuildPhase section */
		C331CCCF29E79EF60059EFB6 /* Sources */ = {
			isa = PBXSourcesBuildPhase;
			buildActionMask = 2147483647;
			files = (
				C331CCD929E79EF60059EFB6 /* ContentView.swift in Sources */,
				C331CCD729E79EF60059EFB6 /* Learn_by_DoingApp.swift in Sources */,
			);
			runOnlyForDeploymentPostprocessing = 0;
		};
/* End PBXSourcesBuildPhase section */

/* Begin XCBuildConfiguration section */
		C331CCDF29E79EF70059EFB6 /* Debug */ = {
			isa = XCBuildConfiguration;
			buildSettings = {
				ALWAYS_SEARCH_USER_PATHS = NO;
				CLANG_ANALYZER_NONNULL = YES;
				CLANG_ANALYZER_NUMBER_OBJECT_CONVERSION = YES_AGGRESSIVE;
				CLANG_CXX_LANGUAGE_STANDARD = "gnu++20";
				CLANG_ENABLE_MODULES = YES;
				CLANG_ENABLE_OBJC_ARC = YES;
				CLANG_ENABLE_OBJC_WEAK = YES;
				CLANG_WARN_BLOCK_CAPTURE_AUTORELEASING = YES;
				CLANG_WARN_BOOL_CONVERSION = YES;
				CLANG_WARN_COMMA = YES;
				CLANG_WARN_CONSTANT_CONVERSION = YES;
				CLANG_WARN_DEPRECATED_OBJC_IMPLEMENTATIONS = YES;
				CLANG_WARN_DIRECT_OBJC_ISA_USAGE = YES_ERROR;
				CLANG_WARN_DOCUMENTATION_COMMENTS = YES;
				CLANG_WARN_EMPTY_BODY = YES;
				CLANG_WARN_ENUM_CONVERSION = YES;
				CLANG_WARN_INFINITE_RECURSION = YES;
				CLANG_WARN_INT_CONVERSION = YES;
				CLANG_WARN_NON_LITERAL_NULL_CONVERSION = YES;
				CLANG_WARN_OBJC_IMPLICIT_RETAIN_SELF = YES;
				CLANG_WARN_OBJC_LITERAL_CONVERSION = YES;
				CLANG_WARN_OBJC_ROOT_CLASS = YES_ERROR;
				CLANG_WARN_QUOTED_INCLUDE_IN_FRAMEWORK_HEADER = YES;
				CLANG_WARN_RANGE_LOOP_ANALYSIS = YES;
				CLANG_WARN_STRICT_PROTOTYPES = YES;
				CLANG_WARN_SUSPICIOUS_MOVE = YES;
				CLANG_WARN_UNGUARDED_AVAILABILITY = YES_AGGRESSIVE;
				CLANG_WARN_UNREACHABLE_CODE = YES;
				CLANG_WARN__DUPLICATE_METHOD_MATCH = YES;
				COPY_PHASE_STRIP = NO;
				DEBUG_INFORMATION_FORMAT = dwarf;
				ENABLE_STRICT_OBJC_MSGSEND = YES;
				ENABLE_TESTABILITY = YES;
				GCC_C_LANGUAGE_STANDARD = gnu11;
				GCC_DYNAMIC_NO_PIC = NO;
				GCC_NO_COMMON_BLOCKS = YES;
				GCC_OPTIMIZATION_LEVEL = 0;
				GCC_PREPROCESSOR_DEFINITIONS = (
					"DEBUG=1",
					"$(inherited)",
				);
				GCC_WARN_64_TO_32_BIT_CONVERSION = YES;
				GCC_WARN_ABOUT_RETURN_TYPE = YES_ERROR;
				GCC_WARN_UNDECLARED_SELECTOR = YES;
				GCC_WARN_UNINITIALIZED_AUTOS = YES_AGGRESSIVE;
				GCC_WARN_UNUSED_FUNCTION = YES;
				GCC_WARN_UNUSED_VARIABLE = YES;
				IPHONEOS_DEPLOYMENT_TARGET = 16.4;
				MTL_ENABLE_DEBUG_INFO = INCLUDE_SOURCE;
				MTL_FAST_MATH = YES;
				ONLY_ACTIVE_ARCH = YES;
				SDKROOT = iphoneos;
				SWIFT_ACTIVE_COMPILATION_CONDITIONS = DEBUG;
				SWIFT_OPTIMIZATION_LEVEL = "-Onone";
			};
			name = Debug;
		};
		C331CCE029E79EF70059EFB6 /* Release */ = {
			isa = XCBuildConfiguration;
			buildSettings = {
				ALWAYS_SEARCH_USER_PATHS = NO;
				CLANG_ANALYZER_NONNULL = YES;
				CLANG_ANALYZER_NUMBER_OBJECT_CONVERSION = YES_AGGRESSIVE;
				CLANG_CXX_LANGUAGE_STANDARD = "gnu++20";
				CLANG_ENABLE_MODULES = YES;
				CLANG_ENABLE_OBJC_ARC = YES;
				CLANG_ENABLE_OBJC_WEAK = YES;
				CLANG_WARN_BLOCK_CAPTURE_AUTORELEASING = YES;
				CLANG_WARN_BOOL_CONVERSION = YES;
				CLANG_WARN_COMMA = YES;
				CLANG_WARN_CONSTANT_CONVERSION = YES;
				CLANG_WARN_DEPRECATED_OBJC_IMPLEMENTATIONS = YES;
				CLANG_WARN_DIRECT_OBJC_ISA_USAGE = YES_ERROR;
				CLANG_WARN_DOCUMENTATION_COMMENTS = YES;
				CLANG_WARN_EMPTY_BODY = YES;
				CLANG_WARN_ENUM_CONVERSION = YES;
				CLANG_WARN_INFINITE_RECURSION = YES;
				CLANG_WARN_INT_CONVERSION = YES;
				CLANG_WARN_NON_LITERAL_NULL_CONVERSION = YES;
				CLANG_WARN_OBJC_IMPLICIT_RETAIN_SELF = YES;
				CLANG_WARN_OBJC_LITERAL_CONVERSION = YES;
				CLANG_WARN_OBJC_ROOT_CLASS = YES_ERROR;
				CLANG_WARN_QUOTED_INCLUDE_IN_FRAMEWORK_HEADER = YES;
				CLANG_WARN_RANGE_LOOP_ANALYSIS = YES;
				CLANG_WARN_STRICT_PROTOTYPES = YES;
				CLANG_WARN_SUSPICIOUS_MOVE = YES;
				CLANG_WARN_UNGUARDED_AVAILABILITY = YES_AGGRESSIVE;
				CLANG_WARN_UNREACHABLE_CODE = YES;
				CLANG_WARN__DUPLICATE_METHOD_MATCH = YES;
				COPY_PHASE_STRIP = NO;
				DEBUG_INFORMATION_FORMAT = "dwarf-with-dsym";
				ENABLE_NS_ASSERTIONS = NO;
				ENABLE_STRICT_OBJC_MSGSEND = YES;
				GCC_C_LANGUAGE_STANDARD = gnu11;
				GCC_NO_COMMON_BLOCKS = YES;
				GCC_WARN_64_TO_32_BIT_CONVERSION = YES;
				GCC_WARN_ABOUT_RETURN_TYPE = YES_ERROR;
				GCC_WARN_UNDECLARED_SELECTOR = YES;
				GCC_WARN_UNINITIALIZED_AUTOS = YES_AGGRESSIVE;
				GCC_WARN_UNUSED_FUNCTION = YES;
				GCC_WARN_UNUSED_VARIABLE = YES;
				IPHONEOS_DEPLOYMENT_TARGET = 16.4;
				MTL_ENABLE_DEBUG_INFO = NO;
				MTL_FAST_MATH = YES;
				SDKROOT = iphoneos;
				SWIFT_COMPILATION_MODE = wholemodule;
				SWIFT_OPTIMIZATION_LEVEL = "-O";
				VALIDATE_PRODUCT = YES;
			};
			name = Release;
		};
		C331CCE229E79EF70059EFB6 /* Debug */ = {
			isa = XCBuildConfiguration;
			buildSettings = {
				ASSETCATALOG_COMPILER_APPICON_NAME = AppIcon;
				ASSETCATALOG_COMPILER_GLOBAL_ACCENT_COLOR_NAME = AccentColor;
				CODE_SIGN_STYLE = Automatic;
				CURRENT_PROJECT_VERSION = 1;
				DEVELOPMENT_ASSET_PATHS = "\"Learn by Doing/Preview Content\"";
				DEVELOPMENT_TEAM = 828D2J84L9;
				ENABLE_PREVIEWS = YES;
				GENERATE_INFOPLIST_FILE = YES;
				INFOPLIST_KEY_UIApplicationSceneManifest_Generation = YES;
				INFOPLIST_KEY_UIApplicationSupportsIndirectInputEvents = YES;
				INFOPLIST_KEY_UILaunchScreen_Generation = YES;
				INFOPLIST_KEY_UISupportedInterfaceOrientations_iPad = "UIInterfaceOrientationPortrait UIInterfaceOrientationPortraitUpsideDown UIInterfaceOrientationLandscapeLeft UIInterfaceOrientationLandscapeRight";
				INFOPLIST_KEY_UISupportedInterfaceOrientations_iPhone = "UIInterfaceOrientationPortrait UIInterfaceOrientationLandscapeLeft UIInterfaceOrientationLandscapeRight";
				LD_RUNPATH_SEARCH_PATHS = (
					"$(inherited)",
					"@executable_path/Frameworks",
				);
				MARKETING_VERSION = 1.0;
				PRODUCT_BUNDLE_IDENTIFIER = "com.patriciafiona.Learn-by-Doing";
				PRODUCT_NAME = "$(TARGET_NAME)";
				SWIFT_EMIT_LOC_STRINGS = YES;
				SWIFT_VERSION = 5.0;
				TARGETED_DEVICE_FAMILY = "1,2";
			};
			name = Debug;
		};
		C331CCE329E79EF70059EFB6 /* Release */ = {
			isa = XCBuildConfiguration;
			buildSettings = {
				ASSETCATALOG_COMPILER_APPICON_NAME = AppIcon;
				ASSETCATALOG_COMPILER_GLOBAL_ACCENT_COLOR_NAME = AccentColor;
				CODE_SIGN_STYLE = Automatic;
				CURRENT_PROJECT_VERSION = 1;
				DEVELOPMENT_ASSET_PATHS = "\"Learn by Doing/Preview Content\"";
				DEVELOPMENT_TEAM = 828D2J84L9;
				ENABLE_PREVIEWS = YES;
				GENERATE_INFOPLIST_FILE = YES;
				INFOPLIST_KEY_UIApplicationSceneManifest_Generation = YES;
				INFOPLIST_KEY_UIApplicationSupportsIndirectInputEvents = YES;
				INFOPLIST_KEY_UILaunchScreen_Generation = YES;
				INFOPLIST_KEY_UISupportedInterfaceOrientations_iPad = "UIInterfaceOrientationPortrait UIInterfaceOrientationPortraitUpsideDown UIInterfaceOrientationLandscapeLeft UIInterfaceOrientationLandscapeRight";
				INFOPLIST_KEY_UISupportedInterfaceOrientations_iPhone = "UIInterfaceOrientationPortrait UIInterfaceOrientationLandscapeLeft UIInterfaceOrientationLandscapeRight";
				LD_RUNPATH_SEARCH_PATHS = (
					"$(inherited)",
					"@executable_path/Frameworks",
				);
				MARKETING_VERSION = 1.0;
				PRODUCT_BUNDLE_IDENTIFIER = "com.patriciafiona.Learn-by-Doing";
				PRODUCT_NAME = "$(TARGET_NAME)";
				SWIFT_EMIT_LOC_STRINGS = YES;
				SWIFT_VERSION = 5.0;
				TARGETED_DEVICE_FAMILY = "1,2";
			};
			name = Release;
		};
/* End XCBuildConfiguration section */

/* Begin XCConfigurationList section */
		C331CCCE29E79EF60059EFB6 /* Build configuration list for PBXProject "Learn by Doing" */ = {
			isa = XCConfigurationList;
			buildConfigurations = (
				C331CCDF29E79EF70059EFB6 /* Debug */,
				C331CCE029E79EF70059EFB6 /* Release */,
			);
			defaultConfigurationIsVisible = 0;
			defaultConfigurationName = Release;
		};
		C331CCE129E79EF70059EFB6 /* Build configuration list for PBXNativeTarget "Learn by Doing" */ = {
			isa = XCConfigurationList;
			buildConfigurations = (
				C331CCE229E79EF70059EFB6 /* Debug */,
				C331CCE329E79EF70059EFB6 /* Release */,
			);
			defaultConfigurationIsVisible = 0;
			defaultConfigurationName = Release;
		};
/* End XCConfigurationList section */
	};
	rootObject = C331CCCB29E79EF60059EFB6 /* Project object */;
}
