// !$*UTF8*$!
{
	archiveVersion = 1;
	classes = {
	};
	objectVersion = 55;
	objects = {

/* Begin PBXBuildFile section */
		63E42604299C6998001ACE84 /* FructusApp.swift in Sources */ = {isa = PBXBuildFile; fileRef = 63E42603299C6998001ACE84 /* FructusApp.swift */; };
		63E42606299C6998001ACE84 /* ContentView.swift in Sources */ = {isa = PBXBuildFile; fileRef = 63E42605299C6998001ACE84 /* ContentView.swift */; };
		63E42608299C6999001ACE84 /* Assets.xcassets in Resources */ = {isa = PBXBuildFile; fileRef = 63E42607299C6999001ACE84 /* Assets.xcassets */; };
		63E4260B299C6999001ACE84 /* Preview Assets.xcassets in Resources */ = {isa = PBXBuildFile; fileRef = 63E4260A299C6999001ACE84 /* Preview Assets.xcassets */; };
		63E42614299C6E59001ACE84 /* FruitCardView.swift in Sources */ = {isa = PBXBuildFile; fileRef = 63E42613299C6E59001ACE84 /* FruitCardView.swift */; };
		63E42617299C712B001ACE84 /* StartButtonView.swift in Sources */ = {isa = PBXBuildFile; fileRef = 63E42616299C712B001ACE84 /* StartButtonView.swift */; };
		63E42619299C7390001ACE84 /* OnboardingView.swift in Sources */ = {isa = PBXBuildFile; fileRef = 63E42618299C7390001ACE84 /* OnboardingView.swift */; };
		63E4261C299C96B4001ACE84 /* FruitModel.swift in Sources */ = {isa = PBXBuildFile; fileRef = 63E4261B299C96B4001ACE84 /* FruitModel.swift */; };
		63E4261F299C9768001ACE84 /* FruitData.swift in Sources */ = {isa = PBXBuildFile; fileRef = 63E4261E299C9768001ACE84 /* FruitData.swift */; };
		63E42621299CAF48001ACE84 /* FruitRowView.swift in Sources */ = {isa = PBXBuildFile; fileRef = 63E42620299CAF48001ACE84 /* FruitRowView.swift */; };
		63E42623299CB22A001ACE84 /* FruitDetailView.swift in Sources */ = {isa = PBXBuildFile; fileRef = 63E42622299CB22A001ACE84 /* FruitDetailView.swift */; };
		63E42625299CBC2E001ACE84 /* FruitHeaderView.swift in Sources */ = {isa = PBXBuildFile; fileRef = 63E42624299CBC2E001ACE84 /* FruitHeaderView.swift */; };
		63E42627299CBE05001ACE84 /* SourceLinkView.swift in Sources */ = {isa = PBXBuildFile; fileRef = 63E42626299CBE05001ACE84 /* SourceLinkView.swift */; };
		63E42629299CBFA2001ACE84 /* FruitNutrientView.swift in Sources */ = {isa = PBXBuildFile; fileRef = 63E42628299CBFA2001ACE84 /* FruitNutrientView.swift */; };
		63E4262B299CCD0D001ACE84 /* SettingView.swift in Sources */ = {isa = PBXBuildFile; fileRef = 63E4262A299CCD0D001ACE84 /* SettingView.swift */; };
		63E4262D299CCFB8001ACE84 /* SettingLabelView.swift in Sources */ = {isa = PBXBuildFile; fileRef = 63E4262C299CCFB8001ACE84 /* SettingLabelView.swift */; };
		63E4262F299CD22E001ACE84 /* SettingRowView.swift in Sources */ = {isa = PBXBuildFile; fileRef = 63E4262E299CD22D001ACE84 /* SettingRowView.swift */; };
/* End PBXBuildFile section */

/* Begin PBXFileReference section */
		63E42600299C6998001ACE84 /* Fructus.app */ = {isa = PBXFileReference; explicitFileType = wrapper.application; includeInIndex = 0; path = Fructus.app; sourceTree = BUILT_PRODUCTS_DIR; };
		63E42603299C6998001ACE84 /* FructusApp.swift */ = {isa = PBXFileReference; lastKnownFileType = sourcecode.swift; path = FructusApp.swift; sourceTree = "<group>"; };
		63E42605299C6998001ACE84 /* ContentView.swift */ = {isa = PBXFileReference; lastKnownFileType = sourcecode.swift; path = ContentView.swift; sourceTree = "<group>"; };
		63E42607299C6999001ACE84 /* Assets.xcassets */ = {isa = PBXFileReference; lastKnownFileType = folder.assetcatalog; path = Assets.xcassets; sourceTree = "<group>"; };
		63E4260A299C6999001ACE84 /* Preview Assets.xcassets */ = {isa = PBXFileReference; lastKnownFileType = folder.assetcatalog; path = "Preview Assets.xcassets"; sourceTree = "<group>"; };
		63E42613299C6E59001ACE84 /* FruitCardView.swift */ = {isa = PBXFileReference; lastKnownFileType = sourcecode.swift; path = FruitCardView.swift; sourceTree = "<group>"; };
		63E42616299C712B001ACE84 /* StartButtonView.swift */ = {isa = PBXFileReference; lastKnownFileType = sourcecode.swift; path = StartButtonView.swift; sourceTree = "<group>"; };
		63E42618299C7390001ACE84 /* OnboardingView.swift */ = {isa = PBXFileReference; lastKnownFileType = sourcecode.swift; path = OnboardingView.swift; sourceTree = "<group>"; };
		63E4261B299C96B4001ACE84 /* FruitModel.swift */ = {isa = PBXFileReference; lastKnownFileType = sourcecode.swift; path = FruitModel.swift; sourceTree = "<group>"; };
		63E4261E299C9768001ACE84 /* FruitData.swift */ = {isa = PBXFileReference; lastKnownFileType = sourcecode.swift; path = FruitData.swift; sourceTree = "<group>"; };
		63E42620299CAF48001ACE84 /* FruitRowView.swift */ = {isa = PBXFileReference; lastKnownFileType = sourcecode.swift; path = FruitRowView.swift; sourceTree = "<group>"; };
		63E42622299CB22A001ACE84 /* FruitDetailView.swift */ = {isa = PBXFileReference; lastKnownFileType = sourcecode.swift; path = FruitDetailView.swift; sourceTree = "<group>"; };
		63E42624299CBC2E001ACE84 /* FruitHeaderView.swift */ = {isa = PBXFileReference; lastKnownFileType = sourcecode.swift; path = FruitHeaderView.swift; sourceTree = "<group>"; };
		63E42626299CBE05001ACE84 /* SourceLinkView.swift */ = {isa = PBXFileReference; lastKnownFileType = sourcecode.swift; path = SourceLinkView.swift; sourceTree = "<group>"; };
		63E42628299CBFA2001ACE84 /* FruitNutrientView.swift */ = {isa = PBXFileReference; lastKnownFileType = sourcecode.swift; path = FruitNutrientView.swift; sourceTree = "<group>"; };
		63E4262A299CCD0D001ACE84 /* SettingView.swift */ = {isa = PBXFileReference; lastKnownFileType = sourcecode.swift; path = SettingView.swift; sourceTree = "<group>"; };
		63E4262C299CCFB8001ACE84 /* SettingLabelView.swift */ = {isa = PBXFileReference; lastKnownFileType = sourcecode.swift; path = SettingLabelView.swift; sourceTree = "<group>"; };
		63E4262E299CD22D001ACE84 /* SettingRowView.swift */ = {isa = PBXFileReference; lastKnownFileType = sourcecode.swift; path = SettingRowView.swift; sourceTree = "<group>"; };
/* End PBXFileReference section */

/* Begin PBXFrameworksBuildPhase section */
		63E425FD299C6998001ACE84 /* Frameworks */ = {
			isa = PBXFrameworksBuildPhase;
			buildActionMask = 2147483647;
			files = (
			);
			runOnlyForDeploymentPostprocessing = 0;
		};
/* End PBXFrameworksBuildPhase section */

/* Begin PBXGroup section */
		63E425F7299C6998001ACE84 = {
			isa = PBXGroup;
			children = (
				63E42602299C6998001ACE84 /* Fructus */,
				63E42601299C6998001ACE84 /* Products */,
			);
			sourceTree = "<group>";
		};
		63E42601299C6998001ACE84 /* Products */ = {
			isa = PBXGroup;
			children = (
				63E42600299C6998001ACE84 /* Fructus.app */,
			);
			name = Products;
			sourceTree = "<group>";
		};
		63E42602299C6998001ACE84 /* Fructus */ = {
			isa = PBXGroup;
			children = (
				63E4261D299C974D001ACE84 /* Data */,
				63E4261A299C96A3001ACE84 /* Model */,
				63E42612299C6BF7001ACE84 /* App */,
				63E42611299C6BEF001ACE84 /* View */,
				63E42607299C6999001ACE84 /* Assets.xcassets */,
				63E42609299C6999001ACE84 /* Preview Content */,
			);
			path = Fructus;
			sourceTree = "<group>";
		};
		63E42609299C6999001ACE84 /* Preview Content */ = {
			isa = PBXGroup;
			children = (
				63E4260A299C6999001ACE84 /* Preview Assets.xcassets */,
			);
			path = "Preview Content";
			sourceTree = "<group>";
		};
		63E42611299C6BEF001ACE84 /* View */ = {
			isa = PBXGroup;
			children = (
				63E42613299C6E59001ACE84 /* FruitCardView.swift */,
				63E42616299C712B001ACE84 /* StartButtonView.swift */,
				63E42620299CAF48001ACE84 /* FruitRowView.swift */,
				63E42624299CBC2E001ACE84 /* FruitHeaderView.swift */,
				63E42626299CBE05001ACE84 /* SourceLinkView.swift */,
				63E42628299CBFA2001ACE84 /* FruitNutrientView.swift */,
				63E4262C299CCFB8001ACE84 /* SettingLabelView.swift */,
				63E4262E299CD22D001ACE84 /* SettingRowView.swift */,
			);
			path = View;
			sourceTree = "<group>";
		};
		63E42612299C6BF7001ACE84 /* App */ = {
			isa = PBXGroup;
			children = (
				63E42603299C6998001ACE84 /* FructusApp.swift */,
				63E42615299C6E64001ACE84 /* Screen */,
			);
			path = App;
			sourceTree = "<group>";
		};
		63E42615299C6E64001ACE84 /* Screen */ = {
			isa = PBXGroup;
			children = (
				63E42605299C6998001ACE84 /* ContentView.swift */,
				63E42618299C7390001ACE84 /* OnboardingView.swift */,
				63E42622299CB22A001ACE84 /* FruitDetailView.swift */,
				63E4262A299CCD0D001ACE84 /* SettingView.swift */,
			);
			path = Screen;
			sourceTree = "<group>";
		};
		63E4261A299C96A3001ACE84 /* Model */ = {
			isa = PBXGroup;
			children = (
				63E4261B299C96B4001ACE84 /* FruitModel.swift */,
			);
			path = Model;
			sourceTree = "<group>";
		};
		63E4261D299C974D001ACE84 /* Data */ = {
			isa = PBXGroup;
			children = (
				63E4261E299C9768001ACE84 /* FruitData.swift */,
			);
			path = Data;
			sourceTree = "<group>";
		};
/* End PBXGroup section */

/* Begin PBXNativeTarget section */
		63E425FF299C6998001ACE84 /* Fructus */ = {
			isa = PBXNativeTarget;
			buildConfigurationList = 63E4260E299C6999001ACE84 /* Build configuration list for PBXNativeTarget "Fructus" */;
			buildPhases = (
				63E425FC299C6998001ACE84 /* Sources */,
				63E425FD299C6998001ACE84 /* Frameworks */,
				63E425FE299C6998001ACE84 /* Resources */,
			);
			buildRules = (
			);
			dependencies = (
			);
			name = Fructus;
			productName = Fructus;
			productReference = 63E42600299C6998001ACE84 /* Fructus.app */;
			productType = "com.apple.product-type.application";
		};
/* End PBXNativeTarget section */

/* Begin PBXProject section */
		63E425F8299C6998001ACE84 /* Project object */ = {
			isa = PBXProject;
			attributes = {
				BuildIndependentTargetsInParallel = 1;
				LastSwiftUpdateCheck = 1320;
				LastUpgradeCheck = 1320;
				TargetAttributes = {
					63E425FF299C6998001ACE84 = {
						CreatedOnToolsVersion = 13.2.1;
					};
				};
			};
			buildConfigurationList = 63E425FB299C6998001ACE84 /* Build configuration list for PBXProject "Fructus" */;
			compatibilityVersion = "Xcode 13.0";
			developmentRegion = en;
			hasScannedForEncodings = 0;
			knownRegions = (
				en,
				Base,
			);
			mainGroup = 63E425F7299C6998001ACE84;
			productRefGroup = 63E42601299C6998001ACE84 /* Products */;
			projectDirPath = "";
			projectRoot = "";
			targets = (
				63E425FF299C6998001ACE84 /* Fructus */,
			);
		};
/* End PBXProject section */

/* Begin PBXResourcesBuildPhase section */
		63E425FE299C6998001ACE84 /* Resources */ = {
			isa = PBXResourcesBuildPhase;
			buildActionMask = 2147483647;
			files = (
				63E4260B299C6999001ACE84 /* Preview Assets.xcassets in Resources */,
				63E42608299C6999001ACE84 /* Assets.xcassets in Resources */,
			);
			runOnlyForDeploymentPostprocessing = 0;
		};
/* End PBXResourcesBuildPhase section */

/* Begin PBXSourcesBuildPhase section */
		63E425FC299C6998001ACE84 /* Sources */ = {
			isa = PBXSourcesBuildPhase;
			buildActionMask = 2147483647;
			files = (
				63E4262D299CCFB8001ACE84 /* SettingLabelView.swift in Sources */,
				63E4261F299C9768001ACE84 /* FruitData.swift in Sources */,
				63E42627299CBE05001ACE84 /* SourceLinkView.swift in Sources */,
				63E42614299C6E59001ACE84 /* FruitCardView.swift in Sources */,
				63E42621299CAF48001ACE84 /* FruitRowView.swift in Sources */,
				63E42617299C712B001ACE84 /* StartButtonView.swift in Sources */,
				63E42623299CB22A001ACE84 /* FruitDetailView.swift in Sources */,
				63E42606299C6998001ACE84 /* ContentView.swift in Sources */,
				63E42625299CBC2E001ACE84 /* FruitHeaderView.swift in Sources */,
				63E4262B299CCD0D001ACE84 /* SettingView.swift in Sources */,
				63E42629299CBFA2001ACE84 /* FruitNutrientView.swift in Sources */,
				63E42619299C7390001ACE84 /* OnboardingView.swift in Sources */,
				63E4261C299C96B4001ACE84 /* FruitModel.swift in Sources */,
				63E42604299C6998001ACE84 /* FructusApp.swift in Sources */,
				63E4262F299CD22E001ACE84 /* SettingRowView.swift in Sources */,
			);
			runOnlyForDeploymentPostprocessing = 0;
		};
/* End PBXSourcesBuildPhase section */

/* Begin XCBuildConfiguration section */
		63E4260C299C6999001ACE84 /* Debug */ = {
			isa = XCBuildConfiguration;
			buildSettings = {
				ALWAYS_SEARCH_USER_PATHS = NO;
				CLANG_ANALYZER_NONNULL = YES;
				CLANG_ANALYZER_NUMBER_OBJECT_CONVERSION = YES_AGGRESSIVE;
				CLANG_CXX_LANGUAGE_STANDARD = "gnu++17";
				CLANG_CXX_LIBRARY = "libc++";
				CLANG_ENABLE_MODULES = YES;
				CLANG_ENABLE_OBJC_ARC = YES;
				CLANG_ENABLE_OBJC_WEAK = YES;
				CLANG_WARN_BLOCK_CAPTURE_AUTORELEASING = YES;
				CLANG_WARN_BOOL_CONVERSION = YES;
				CLANG_WARN_COMMA = YES;
				CLANG_WARN_CONSTANT_CONVERSION = YES;
				CLANG_WARN_DEPRECATED_OBJC_IMPLEMENTATIONS = YES;
				CLANG_WARN_DIRECT_OBJC_ISA_USAGE = YES_ERROR;
				CLANG_WARN_DOCUMENTATION_COMMENTS = YES;
				CLANG_WARN_EMPTY_BODY = YES;
				CLANG_WARN_ENUM_CONVERSION = YES;
				CLANG_WARN_INFINITE_RECURSION = YES;
				CLANG_WARN_INT_CONVERSION = YES;
				CLANG_WARN_NON_LITERAL_NULL_CONVERSION = YES;
				CLANG_WARN_OBJC_IMPLICIT_RETAIN_SELF = YES;
				CLANG_WARN_OBJC_LITERAL_CONVERSION = YES;
				CLANG_WARN_OBJC_ROOT_CLASS = YES_ERROR;
				CLANG_WARN_QUOTED_INCLUDE_IN_FRAMEWORK_HEADER = YES;
				CLANG_WARN_RANGE_LOOP_ANALYSIS = YES;
				CLANG_WARN_STRICT_PROTOTYPES = YES;
				CLANG_WARN_SUSPICIOUS_MOVE = YES;
				CLANG_WARN_UNGUARDED_AVAILABILITY = YES_AGGRESSIVE;
				CLANG_WARN_UNREACHABLE_CODE = YES;
				CLANG_WARN__DUPLICATE_METHOD_MATCH = YES;
				COPY_PHASE_STRIP = NO;
				DEBUG_INFORMATION_FORMAT = dwarf;
				ENABLE_STRICT_OBJC_MSGSEND = YES;
				ENABLE_TESTABILITY = YES;
				GCC_C_LANGUAGE_STANDARD = gnu11;
				GCC_DYNAMIC_NO_PIC = NO;
				GCC_NO_COMMON_BLOCKS = YES;
				GCC_OPTIMIZATION_LEVEL = 0;
				GCC_PREPROCESSOR_DEFINITIONS = (
					"DEBUG=1",
					"$(inherited)",
				);
				GCC_WARN_64_TO_32_BIT_CONVERSION = YES;
				GCC_WARN_ABOUT_RETURN_TYPE = YES_ERROR;
				GCC_WARN_UNDECLARED_SELECTOR = YES;
				GCC_WARN_UNINITIALIZED_AUTOS = YES_AGGRESSIVE;
				GCC_WARN_UNUSED_FUNCTION = YES;
				GCC_WARN_UNUSED_VARIABLE = YES;
				IPHONEOS_DEPLOYMENT_TARGET = 15.2;
				MTL_ENABLE_DEBUG_INFO = INCLUDE_SOURCE;
				MTL_FAST_MATH = YES;
				ONLY_ACTIVE_ARCH = YES;
				SDKROOT = iphoneos;
				SWIFT_ACTIVE_COMPILATION_CONDITIONS = DEBUG;
				SWIFT_OPTIMIZATION_LEVEL = "-Onone";
			};
			name = Debug;
		};
		63E4260D299C6999001ACE84 /* Release */ = {
			isa = XCBuildConfiguration;
			buildSettings = {
				ALWAYS_SEARCH_USER_PATHS = NO;
				CLANG_ANALYZER_NONNULL = YES;
				CLANG_ANALYZER_NUMBER_OBJECT_CONVERSION = YES_AGGRESSIVE;
				CLANG_CXX_LANGUAGE_STANDARD = "gnu++17";
				CLANG_CXX_LIBRARY = "libc++";
				CLANG_ENABLE_MODULES = YES;
				CLANG_ENABLE_OBJC_ARC = YES;
				CLANG_ENABLE_OBJC_WEAK = YES;
				CLANG_WARN_BLOCK_CAPTURE_AUTORELEASING = YES;
				CLANG_WARN_BOOL_CONVERSION = YES;
				CLANG_WARN_COMMA = YES;
				CLANG_WARN_CONSTANT_CONVERSION = YES;
				CLANG_WARN_DEPRECATED_OBJC_IMPLEMENTATIONS = YES;
				CLANG_WARN_DIRECT_OBJC_ISA_USAGE = YES_ERROR;
				CLANG_WARN_DOCUMENTATION_COMMENTS = YES;
				CLANG_WARN_EMPTY_BODY = YES;
				CLANG_WARN_ENUM_CONVERSION = YES;
				CLANG_WARN_INFINITE_RECURSION = YES;
				CLANG_WARN_INT_CONVERSION = YES;
				CLANG_WARN_NON_LITERAL_NULL_CONVERSION = YES;
				CLANG_WARN_OBJC_IMPLICIT_RETAIN_SELF = YES;
				CLANG_WARN_OBJC_LITERAL_CONVERSION = YES;
				CLANG_WARN_OBJC_ROOT_CLASS = YES_ERROR;
				CLANG_WARN_QUOTED_INCLUDE_IN_FRAMEWORK_HEADER = YES;
				CLANG_WARN_RANGE_LOOP_ANALYSIS = YES;
				CLANG_WARN_STRICT_PROTOTYPES = YES;
				CLANG_WARN_SUSPICIOUS_MOVE = YES;
				CLANG_WARN_UNGUARDED_AVAILABILITY = YES_AGGRESSIVE;
				CLANG_WARN_UNREACHABLE_CODE = YES;
				CLANG_WARN__DUPLICATE_METHOD_MATCH = YES;
				COPY_PHASE_STRIP = NO;
				DEBUG_INFORMATION_FORMAT = "dwarf-with-dsym";
				ENABLE_NS_ASSERTIONS = NO;
				ENABLE_STRICT_OBJC_MSGSEND = YES;
				GCC_C_LANGUAGE_STANDARD = gnu11;
				GCC_NO_COMMON_BLOCKS = YES;
				GCC_WARN_64_TO_32_BIT_CONVERSION = YES;
				GCC_WARN_ABOUT_RETURN_TYPE = YES_ERROR;
				GCC_WARN_UNDECLARED_SELECTOR = YES;
				GCC_WARN_UNINITIALIZED_AUTOS = YES_AGGRESSIVE;
				GCC_WARN_UNUSED_FUNCTION = YES;
				GCC_WARN_UNUSED_VARIABLE = YES;
				IPHONEOS_DEPLOYMENT_TARGET = 15.2;
				MTL_ENABLE_DEBUG_INFO = NO;
				MTL_FAST_MATH = YES;
				SDKROOT = iphoneos;
				SWIFT_COMPILATION_MODE = wholemodule;
				SWIFT_OPTIMIZATION_LEVEL = "-O";
				VALIDATE_PRODUCT = YES;
			};
			name = Release;
		};
		63E4260F299C6999001ACE84 /* Debug */ = {
			isa = XCBuildConfiguration;
			buildSettings = {
				ASSETCATALOG_COMPILER_APPICON_NAME = AppIcon;
				ASSETCATALOG_COMPILER_GLOBAL_ACCENT_COLOR_NAME = AccentColor;
				CODE_SIGN_STYLE = Automatic;
				CURRENT_PROJECT_VERSION = 1;
				DEVELOPMENT_ASSET_PATHS = "\"Fructus/Preview Content\"";
				ENABLE_PREVIEWS = YES;
				GENERATE_INFOPLIST_FILE = YES;
				INFOPLIST_KEY_UIApplicationSceneManifest_Generation = YES;
				INFOPLIST_KEY_UIApplicationSupportsIndirectInputEvents = YES;
				INFOPLIST_KEY_UILaunchScreen_Generation = YES;
				INFOPLIST_KEY_UISupportedInterfaceOrientations = UIInterfaceOrientationPortrait;
				INFOPLIST_KEY_UISupportedInterfaceOrientations_iPad = "UIInterfaceOrientationPortrait UIInterfaceOrientationPortraitUpsideDown UIInterfaceOrientationLandscapeLeft UIInterfaceOrientationLandscapeRight";
				INFOPLIST_KEY_UISupportedInterfaceOrientations_iPhone = UIInterfaceOrientationPortrait;
				IPHONEOS_DEPLOYMENT_TARGET = 15.2;
				LD_RUNPATH_SEARCH_PATHS = (
					"$(inherited)",
					"@executable_path/Frameworks",
				);
				MARKETING_VERSION = 1.0;
				PRODUCT_BUNDLE_IDENTIFIER = com.patriciafiona.Fructus;
				PRODUCT_NAME = "$(TARGET_NAME)";
				SWIFT_EMIT_LOC_STRINGS = YES;
				SWIFT_VERSION = 5.0;
				TARGETED_DEVICE_FAMILY = "1,2";
			};
			name = Debug;
		};
		63E42610299C6999001ACE84 /* Release */ = {
			isa = XCBuildConfiguration;
			buildSettings = {
				ASSETCATALOG_COMPILER_APPICON_NAME = AppIcon;
				ASSETCATALOG_COMPILER_GLOBAL_ACCENT_COLOR_NAME = AccentColor;
				CODE_SIGN_STYLE = Automatic;
				CURRENT_PROJECT_VERSION = 1;
				DEVELOPMENT_ASSET_PATHS = "\"Fructus/Preview Content\"";
				ENABLE_PREVIEWS = YES;
				GENERATE_INFOPLIST_FILE = YES;
				INFOPLIST_KEY_UIApplicationSceneManifest_Generation = YES;
				INFOPLIST_KEY_UIApplicationSupportsIndirectInputEvents = YES;
				INFOPLIST_KEY_UILaunchScreen_Generation = YES;
				INFOPLIST_KEY_UISupportedInterfaceOrientations = UIInterfaceOrientationPortrait;
				INFOPLIST_KEY_UISupportedInterfaceOrientations_iPad = "UIInterfaceOrientationPortrait UIInterfaceOrientationPortraitUpsideDown UIInterfaceOrientationLandscapeLeft UIInterfaceOrientationLandscapeRight";
				INFOPLIST_KEY_UISupportedInterfaceOrientations_iPhone = UIInterfaceOrientationPortrait;
				IPHONEOS_DEPLOYMENT_TARGET = 15.2;
				LD_RUNPATH_SEARCH_PATHS = (
					"$(inherited)",
					"@executable_path/Frameworks",
				);
				MARKETING_VERSION = 1.0;
				PRODUCT_BUNDLE_IDENTIFIER = com.patriciafiona.Fructus;
				PRODUCT_NAME = "$(TARGET_NAME)";
				SWIFT_EMIT_LOC_STRINGS = YES;
				SWIFT_VERSION = 5.0;
				TARGETED_DEVICE_FAMILY = "1,2";
			};
			name = Release;
		};
/* End XCBuildConfiguration section */

/* Begin XCConfigurationList section */
		63E425FB299C6998001ACE84 /* Build configuration list for PBXProject "Fructus" */ = {
			isa = XCConfigurationList;
			buildConfigurations = (
				63E4260C299C6999001ACE84 /* Debug */,
				63E4260D299C6999001ACE84 /* Release */,
			);
			defaultConfigurationIsVisible = 0;
			defaultConfigurationName = Release;
		};
		63E4260E299C6999001ACE84 /* Build configuration list for PBXNativeTarget "Fructus" */ = {
			isa = XCConfigurationList;
			buildConfigurations = (
				63E4260F299C6999001ACE84 /* Debug */,
				63E42610299C6999001ACE84 /* Release */,
			);
			defaultConfigurationIsVisible = 0;
			defaultConfigurationName = Release;
		};
/* End XCConfigurationList section */
	};
	rootObject = 63E425F8299C6998001ACE84 /* Project object */;
}
