// !$*UTF8*$!
{
	archiveVersion = 1;
	classes = {
	};
	objectVersion = 56;
	objects = {

/* Begin PBXBuildFile section */
		3A4233612A1380C6000EE2CD /* HikeApp.swift in Sources */ = {isa = PBXBuildFile; fileRef = 3A4233602A1380C6000EE2CD /* HikeApp.swift */; };
		3A4233632A1380C6000EE2CD /* ContentView.swift in Sources */ = {isa = PBXBuildFile; fileRef = 3A4233622A1380C6000EE2CD /* ContentView.swift */; };
		3A4233652A1380C7000EE2CD /* Assets.xcassets in Resources */ = {isa = PBXBuildFile; fileRef = 3A4233642A1380C7000EE2CD /* Assets.xcassets */; };
		3A4233682A1380C7000EE2CD /* Preview Assets.xcassets in Resources */ = {isa = PBXBuildFile; fileRef = 3A4233672A1380C7000EE2CD /* Preview Assets.xcassets */; };
		3A42336F2A13A434000EE2CD /* CardView.swift in Sources */ = {isa = PBXBuildFile; fileRef = 3A42336E2A13A434000EE2CD /* CardView.swift */; };
		3A4233732A13A728000EE2CD /* CustomBackgroundView.swift in Sources */ = {isa = PBXBuildFile; fileRef = 3A4233722A13A728000EE2CD /* CustomBackgroundView.swift */; };
		3A4233782A13ADC1000EE2CD /* ColorExtension.swift in Sources */ = {isa = PBXBuildFile; fileRef = 3A4233772A13ADC1000EE2CD /* ColorExtension.swift */; };
		3A4749CD2A1E8E2000F8C635 /* SettingsView.swift in Sources */ = {isa = PBXBuildFile; fileRef = 3A4749CC2A1E8E2000F8C635 /* SettingsView.swift */; };
		3A4BCFE12A168AA0001DEFB6 /* GradientButtonStyle.swift in Sources */ = {isa = PBXBuildFile; fileRef = 3A4BCFE02A168AA0001DEFB6 /* GradientButtonStyle.swift */; };
		3A57C0412A1533A900E7FC13 /* CustomButtonView.swift in Sources */ = {isa = PBXBuildFile; fileRef = 3A57C0402A1533A900E7FC13 /* CustomButtonView.swift */; };
		3A60034E2A2225A2003123B6 /* CustomListRowView.swift in Sources */ = {isa = PBXBuildFile; fileRef = 3A60034D2A2225A2003123B6 /* CustomListRowView.swift */; };
		3A62FDFB2A1CB9DC00FBBF00 /* CustomCircleView.swift in Sources */ = {isa = PBXBuildFile; fileRef = 3A62FDFA2A1CB9DC00FBBF00 /* CustomCircleView.swift */; };
		3A62FDFD2A1CBEA600FBBF00 /* MotionAnimationView.swift in Sources */ = {isa = PBXBuildFile; fileRef = 3A62FDFC2A1CBEA600FBBF00 /* MotionAnimationView.swift */; };
/* End PBXBuildFile section */

/* Begin PBXFileReference section */
		3A42335D2A1380C6000EE2CD /* Hike.app */ = {isa = PBXFileReference; explicitFileType = wrapper.application; includeInIndex = 0; path = Hike.app; sourceTree = BUILT_PRODUCTS_DIR; };
		3A4233602A1380C6000EE2CD /* HikeApp.swift */ = {isa = PBXFileReference; lastKnownFileType = sourcecode.swift; path = HikeApp.swift; sourceTree = "<group>"; };
		3A4233622A1380C6000EE2CD /* ContentView.swift */ = {isa = PBXFileReference; lastKnownFileType = sourcecode.swift; path = ContentView.swift; sourceTree = "<group>"; };
		3A4233642A1380C7000EE2CD /* Assets.xcassets */ = {isa = PBXFileReference; lastKnownFileType = folder.assetcatalog; path = Assets.xcassets; sourceTree = "<group>"; };
		3A4233672A1380C7000EE2CD /* Preview Assets.xcassets */ = {isa = PBXFileReference; lastKnownFileType = folder.assetcatalog; path = "Preview Assets.xcassets"; sourceTree = "<group>"; };
		3A42336E2A13A434000EE2CD /* CardView.swift */ = {isa = PBXFileReference; lastKnownFileType = sourcecode.swift; path = CardView.swift; sourceTree = "<group>"; };
		3A4233722A13A728000EE2CD /* CustomBackgroundView.swift */ = {isa = PBXFileReference; lastKnownFileType = sourcecode.swift; path = CustomBackgroundView.swift; sourceTree = "<group>"; };
		3A4233772A13ADC1000EE2CD /* ColorExtension.swift */ = {isa = PBXFileReference; lastKnownFileType = sourcecode.swift; path = ColorExtension.swift; sourceTree = "<group>"; };
		3A4749CC2A1E8E2000F8C635 /* SettingsView.swift */ = {isa = PBXFileReference; lastKnownFileType = sourcecode.swift; path = SettingsView.swift; sourceTree = "<group>"; };
		3A4BCFE02A168AA0001DEFB6 /* GradientButtonStyle.swift */ = {isa = PBXFileReference; lastKnownFileType = sourcecode.swift; path = GradientButtonStyle.swift; sourceTree = "<group>"; };
		3A57C0402A1533A900E7FC13 /* CustomButtonView.swift */ = {isa = PBXFileReference; lastKnownFileType = sourcecode.swift; path = CustomButtonView.swift; sourceTree = "<group>"; };
		3A60034D2A2225A2003123B6 /* CustomListRowView.swift */ = {isa = PBXFileReference; lastKnownFileType = sourcecode.swift; path = CustomListRowView.swift; sourceTree = "<group>"; };
		3A62FDFA2A1CB9DC00FBBF00 /* CustomCircleView.swift */ = {isa = PBXFileReference; lastKnownFileType = sourcecode.swift; path = CustomCircleView.swift; sourceTree = "<group>"; };
		3A62FDFC2A1CBEA600FBBF00 /* MotionAnimationView.swift */ = {isa = PBXFileReference; lastKnownFileType = sourcecode.swift; path = MotionAnimationView.swift; sourceTree = "<group>"; };
/* End PBXFileReference section */

/* Begin PBXFrameworksBuildPhase section */
		3A42335A2A1380C6000EE2CD /* Frameworks */ = {
			isa = PBXFrameworksBuildPhase;
			buildActionMask = 2147483647;
			files = (
			);
			runOnlyForDeploymentPostprocessing = 0;
		};
/* End PBXFrameworksBuildPhase section */

/* Begin PBXGroup section */
		3A4233542A1380C6000EE2CD = {
			isa = PBXGroup;
			children = (
				3A42335F2A1380C6000EE2CD /* Hike */,
				3A42335E2A1380C6000EE2CD /* Products */,
			);
			sourceTree = "<group>";
		};
		3A42335E2A1380C6000EE2CD /* Products */ = {
			isa = PBXGroup;
			children = (
				3A42335D2A1380C6000EE2CD /* Hike.app */,
			);
			name = Products;
			sourceTree = "<group>";
		};
		3A42335F2A1380C6000EE2CD /* Hike */ = {
			isa = PBXGroup;
			children = (
				3A4233712A13A6CE000EE2CD /* Component */,
				3A4233762A13AD70000EE2CD /* Utility */,
				3A4233662A1380C7000EE2CD /* Preview Content */,
				3A4749C92A1E8D3D00F8C635 /* Screen */,
				3A4233602A1380C6000EE2CD /* HikeApp.swift */,
				3A4233642A1380C7000EE2CD /* Assets.xcassets */,
			);
			path = Hike;
			sourceTree = "<group>";
		};
		3A4233662A1380C7000EE2CD /* Preview Content */ = {
			isa = PBXGroup;
			children = (
				3A4233672A1380C7000EE2CD /* Preview Assets.xcassets */,
			);
			path = "Preview Content";
			sourceTree = "<group>";
		};
		3A4233712A13A6CE000EE2CD /* Component */ = {
			isa = PBXGroup;
			children = (
				3A42336E2A13A434000EE2CD /* CardView.swift */,
				3A4233722A13A728000EE2CD /* CustomBackgroundView.swift */,
				3A57C0402A1533A900E7FC13 /* CustomButtonView.swift */,
				3A62FDFA2A1CB9DC00FBBF00 /* CustomCircleView.swift */,
				3A62FDFC2A1CBEA600FBBF00 /* MotionAnimationView.swift */,
				3A60034D2A2225A2003123B6 /* CustomListRowView.swift */,
			);
			path = Component;
			sourceTree = "<group>";
		};
		3A4233762A13AD70000EE2CD /* Utility */ = {
			isa = PBXGroup;
			children = (
				3A4233772A13ADC1000EE2CD /* ColorExtension.swift */,
				3A4BCFE02A168AA0001DEFB6 /* GradientButtonStyle.swift */,
			);
			path = Utility;
			sourceTree = "<group>";
		};
		3A4749C92A1E8D3D00F8C635 /* Screen */ = {
			isa = PBXGroup;
			children = (
				3A4233622A1380C6000EE2CD /* ContentView.swift */,
				3A4749CC2A1E8E2000F8C635 /* SettingsView.swift */,
			);
			path = Screen;
			sourceTree = "<group>";
		};
/* End PBXGroup section */

/* Begin PBXNativeTarget section */
		3A42335C2A1380C6000EE2CD /* Hike */ = {
			isa = PBXNativeTarget;
			buildConfigurationList = 3A42336B2A1380C7000EE2CD /* Build configuration list for PBXNativeTarget "Hike" */;
			buildPhases = (
				3A4233592A1380C6000EE2CD /* Sources */,
				3A42335A2A1380C6000EE2CD /* Frameworks */,
				3A42335B2A1380C6000EE2CD /* Resources */,
			);
			buildRules = (
			);
			dependencies = (
			);
			name = Hike;
			productName = Hike;
			productReference = 3A42335D2A1380C6000EE2CD /* Hike.app */;
			productType = "com.apple.product-type.application";
		};
/* End PBXNativeTarget section */

/* Begin PBXProject section */
		3A4233552A1380C6000EE2CD /* Project object */ = {
			isa = PBXProject;
			attributes = {
				BuildIndependentTargetsInParallel = 1;
				LastSwiftUpdateCheck = 1430;
				LastUpgradeCheck = 1430;
				TargetAttributes = {
					3A42335C2A1380C6000EE2CD = {
						CreatedOnToolsVersion = 14.3;
					};
				};
			};
			buildConfigurationList = 3A4233582A1380C6000EE2CD /* Build configuration list for PBXProject "Hike" */;
			compatibilityVersion = "Xcode 14.0";
			developmentRegion = en;
			hasScannedForEncodings = 0;
			knownRegions = (
				en,
				Base,
			);
			mainGroup = 3A4233542A1380C6000EE2CD;
			productRefGroup = 3A42335E2A1380C6000EE2CD /* Products */;
			projectDirPath = "";
			projectRoot = "";
			targets = (
				3A42335C2A1380C6000EE2CD /* Hike */,
			);
		};
/* End PBXProject section */

/* Begin PBXResourcesBuildPhase section */
		3A42335B2A1380C6000EE2CD /* Resources */ = {
			isa = PBXResourcesBuildPhase;
			buildActionMask = 2147483647;
			files = (
				3A4233682A1380C7000EE2CD /* Preview Assets.xcassets in Resources */,
				3A4233652A1380C7000EE2CD /* Assets.xcassets in Resources */,
			);
			runOnlyForDeploymentPostprocessing = 0;
		};
/* End PBXResourcesBuildPhase section */

/* Begin PBXSourcesBuildPhase section */
		3A4233592A1380C6000EE2CD /* Sources */ = {
			isa = PBXSourcesBuildPhase;
			buildActionMask = 2147483647;
			files = (
				3A4233632A1380C6000EE2CD /* ContentView.swift in Sources */,
				3A62FDFB2A1CB9DC00FBBF00 /* CustomCircleView.swift in Sources */,
				3A60034E2A2225A2003123B6 /* CustomListRowView.swift in Sources */,
				3A42336F2A13A434000EE2CD /* CardView.swift in Sources */,
				3A4233612A1380C6000EE2CD /* HikeApp.swift in Sources */,
				3A57C0412A1533A900E7FC13 /* CustomButtonView.swift in Sources */,
				3A4749CD2A1E8E2000F8C635 /* SettingsView.swift in Sources */,
				3A4BCFE12A168AA0001DEFB6 /* GradientButtonStyle.swift in Sources */,
				3A62FDFD2A1CBEA600FBBF00 /* MotionAnimationView.swift in Sources */,
				3A4233732A13A728000EE2CD /* CustomBackgroundView.swift in Sources */,
				3A4233782A13ADC1000EE2CD /* ColorExtension.swift in Sources */,
			);
			runOnlyForDeploymentPostprocessing = 0;
		};
/* End PBXSourcesBuildPhase section */

/* Begin XCBuildConfiguration section */
		3A4233692A1380C7000EE2CD /* Debug */ = {
			isa = XCBuildConfiguration;
			buildSettings = {
				ALWAYS_SEARCH_USER_PATHS = NO;
				CLANG_ANALYZER_NONNULL = YES;
				CLANG_ANALYZER_NUMBER_OBJECT_CONVERSION = YES_AGGRESSIVE;
				CLANG_CXX_LANGUAGE_STANDARD = "gnu++20";
				CLANG_ENABLE_MODULES = YES;
				CLANG_ENABLE_OBJC_ARC = YES;
				CLANG_ENABLE_OBJC_WEAK = YES;
				CLANG_WARN_BLOCK_CAPTURE_AUTORELEASING = YES;
				CLANG_WARN_BOOL_CONVERSION = YES;
				CLANG_WARN_COMMA = YES;
				CLANG_WARN_CONSTANT_CONVERSION = YES;
				CLANG_WARN_DEPRECATED_OBJC_IMPLEMENTATIONS = YES;
				CLANG_WARN_DIRECT_OBJC_ISA_USAGE = YES_ERROR;
				CLANG_WARN_DOCUMENTATION_COMMENTS = YES;
				CLANG_WARN_EMPTY_BODY = YES;
				CLANG_WARN_ENUM_CONVERSION = YES;
				CLANG_WARN_INFINITE_RECURSION = YES;
				CLANG_WARN_INT_CONVERSION = YES;
				CLANG_WARN_NON_LITERAL_NULL_CONVERSION = YES;
				CLANG_WARN_OBJC_IMPLICIT_RETAIN_SELF = YES;
				CLANG_WARN_OBJC_LITERAL_CONVERSION = YES;
				CLANG_WARN_OBJC_ROOT_CLASS = YES_ERROR;
				CLANG_WARN_QUOTED_INCLUDE_IN_FRAMEWORK_HEADER = YES;
				CLANG_WARN_RANGE_LOOP_ANALYSIS = YES;
				CLANG_WARN_STRICT_PROTOTYPES = YES;
				CLANG_WARN_SUSPICIOUS_MOVE = YES;
				CLANG_WARN_UNGUARDED_AVAILABILITY = YES_AGGRESSIVE;
				CLANG_WARN_UNREACHABLE_CODE = YES;
				CLANG_WARN__DUPLICATE_METHOD_MATCH = YES;
				COPY_PHASE_STRIP = NO;
				DEBUG_INFORMATION_FORMAT = dwarf;
				ENABLE_STRICT_OBJC_MSGSEND = YES;
				ENABLE_TESTABILITY = YES;
				GCC_C_LANGUAGE_STANDARD = gnu11;
				GCC_DYNAMIC_NO_PIC = NO;
				GCC_NO_COMMON_BLOCKS = YES;
				GCC_OPTIMIZATION_LEVEL = 0;
				GCC_PREPROCESSOR_DEFINITIONS = (
					"DEBUG=1",
					"$(inherited)",
				);
				GCC_WARN_64_TO_32_BIT_CONVERSION = YES;
				GCC_WARN_ABOUT_RETURN_TYPE = YES_ERROR;
				GCC_WARN_UNDECLARED_SELECTOR = YES;
				GCC_WARN_UNINITIALIZED_AUTOS = YES_AGGRESSIVE;
				GCC_WARN_UNUSED_FUNCTION = YES;
				GCC_WARN_UNUSED_VARIABLE = YES;
				IPHONEOS_DEPLOYMENT_TARGET = 16.4;
				MTL_ENABLE_DEBUG_INFO = INCLUDE_SOURCE;
				MTL_FAST_MATH = YES;
				ONLY_ACTIVE_ARCH = YES;
				SDKROOT = iphoneos;
				SWIFT_ACTIVE_COMPILATION_CONDITIONS = DEBUG;
				SWIFT_OPTIMIZATION_LEVEL = "-Onone";
			};
			name = Debug;
		};
		3A42336A2A1380C7000EE2CD /* Release */ = {
			isa = XCBuildConfiguration;
			buildSettings = {
				ALWAYS_SEARCH_USER_PATHS = NO;
				CLANG_ANALYZER_NONNULL = YES;
				CLANG_ANALYZER_NUMBER_OBJECT_CONVERSION = YES_AGGRESSIVE;
				CLANG_CXX_LANGUAGE_STANDARD = "gnu++20";
				CLANG_ENABLE_MODULES = YES;
				CLANG_ENABLE_OBJC_ARC = YES;
				CLANG_ENABLE_OBJC_WEAK = YES;
				CLANG_WARN_BLOCK_CAPTURE_AUTORELEASING = YES;
				CLANG_WARN_BOOL_CONVERSION = YES;
				CLANG_WARN_COMMA = YES;
				CLANG_WARN_CONSTANT_CONVERSION = YES;
				CLANG_WARN_DEPRECATED_OBJC_IMPLEMENTATIONS = YES;
				CLANG_WARN_DIRECT_OBJC_ISA_USAGE = YES_ERROR;
				CLANG_WARN_DOCUMENTATION_COMMENTS = YES;
				CLANG_WARN_EMPTY_BODY = YES;
				CLANG_WARN_ENUM_CONVERSION = YES;
				CLANG_WARN_INFINITE_RECURSION = YES;
				CLANG_WARN_INT_CONVERSION = YES;
				CLANG_WARN_NON_LITERAL_NULL_CONVERSION = YES;
				CLANG_WARN_OBJC_IMPLICIT_RETAIN_SELF = YES;
				CLANG_WARN_OBJC_LITERAL_CONVERSION = YES;
				CLANG_WARN_OBJC_ROOT_CLASS = YES_ERROR;
				CLANG_WARN_QUOTED_INCLUDE_IN_FRAMEWORK_HEADER = YES;
				CLANG_WARN_RANGE_LOOP_ANALYSIS = YES;
				CLANG_WARN_STRICT_PROTOTYPES = YES;
				CLANG_WARN_SUSPICIOUS_MOVE = YES;
				CLANG_WARN_UNGUARDED_AVAILABILITY = YES_AGGRESSIVE;
				CLANG_WARN_UNREACHABLE_CODE = YES;
				CLANG_WARN__DUPLICATE_METHOD_MATCH = YES;
				COPY_PHASE_STRIP = NO;
				DEBUG_INFORMATION_FORMAT = "dwarf-with-dsym";
				ENABLE_NS_ASSERTIONS = NO;
				ENABLE_STRICT_OBJC_MSGSEND = YES;
				GCC_C_LANGUAGE_STANDARD = gnu11;
				GCC_NO_COMMON_BLOCKS = YES;
				GCC_WARN_64_TO_32_BIT_CONVERSION = YES;
				GCC_WARN_ABOUT_RETURN_TYPE = YES_ERROR;
				GCC_WARN_UNDECLARED_SELECTOR = YES;
				GCC_WARN_UNINITIALIZED_AUTOS = YES_AGGRESSIVE;
				GCC_WARN_UNUSED_FUNCTION = YES;
				GCC_WARN_UNUSED_VARIABLE = YES;
				IPHONEOS_DEPLOYMENT_TARGET = 16.4;
				MTL_ENABLE_DEBUG_INFO = NO;
				MTL_FAST_MATH = YES;
				SDKROOT = iphoneos;
				SWIFT_COMPILATION_MODE = wholemodule;
				SWIFT_OPTIMIZATION_LEVEL = "-O";
				VALIDATE_PRODUCT = YES;
			};
			name = Release;
		};
		3A42336C2A1380C7000EE2CD /* Debug */ = {
			isa = XCBuildConfiguration;
			buildSettings = {
				ASSETCATALOG_COMPILER_ALTERNATE_APPICON_NAMES = "AppIcon-Campfire AppIcon-Backpack AppIcon-Camera AppIcon-Mushroom AppIcon-Map AppIcon-MagnifyingGlass";
				ASSETCATALOG_COMPILER_APPICON_NAME = AppIcon;
				ASSETCATALOG_COMPILER_GLOBAL_ACCENT_COLOR_NAME = AccentColor;
				ASSETCATALOG_COMPILER_INCLUDE_ALL_APPICON_ASSETS = YES;
				CODE_SIGN_STYLE = Automatic;
				CURRENT_PROJECT_VERSION = 1;
				DEVELOPMENT_ASSET_PATHS = "\"Hike/Preview Content\"";
				DEVELOPMENT_TEAM = S62R7GUKHV;
				ENABLE_PREVIEWS = YES;
				GENERATE_INFOPLIST_FILE = YES;
				INFOPLIST_KEY_UIApplicationSceneManifest_Generation = YES;
				INFOPLIST_KEY_UIApplicationSupportsIndirectInputEvents = YES;
				INFOPLIST_KEY_UILaunchScreen_Generation = YES;
				INFOPLIST_KEY_UISupportedInterfaceOrientations_iPad = "UIInterfaceOrientationPortrait UIInterfaceOrientationPortraitUpsideDown UIInterfaceOrientationLandscapeLeft UIInterfaceOrientationLandscapeRight";
				INFOPLIST_KEY_UISupportedInterfaceOrientations_iPhone = "UIInterfaceOrientationPortrait UIInterfaceOrientationLandscapeLeft UIInterfaceOrientationLandscapeRight";
				LD_RUNPATH_SEARCH_PATHS = (
					"$(inherited)",
					"@executable_path/Frameworks",
				);
				MARKETING_VERSION = 1.0;
				PRODUCT_BUNDLE_IDENTIFIER = academy.credo.Hike;
				PRODUCT_NAME = "$(TARGET_NAME)";
				SWIFT_EMIT_LOC_STRINGS = YES;
				SWIFT_VERSION = 5.0;
				TARGETED_DEVICE_FAMILY = "1,2";
			};
			name = Debug;
		};
		3A42336D2A1380C7000EE2CD /* Release */ = {
			isa = XCBuildConfiguration;
			buildSettings = {
				ASSETCATALOG_COMPILER_ALTERNATE_APPICON_NAMES = "AppIcon-Campfire AppIcon-Backpack AppIcon-Camera AppIcon-Mushroom AppIcon-Map AppIcon-MagnifyingGlass";
				ASSETCATALOG_COMPILER_APPICON_NAME = AppIcon;
				ASSETCATALOG_COMPILER_GLOBAL_ACCENT_COLOR_NAME = AccentColor;
				ASSETCATALOG_COMPILER_INCLUDE_ALL_APPICON_ASSETS = YES;
				CODE_SIGN_STYLE = Automatic;
				CURRENT_PROJECT_VERSION = 1;
				DEVELOPMENT_ASSET_PATHS = "\"Hike/Preview Content\"";
				DEVELOPMENT_TEAM = S62R7GUKHV;
				ENABLE_PREVIEWS = YES;
				GENERATE_INFOPLIST_FILE = YES;
				INFOPLIST_KEY_UIApplicationSceneManifest_Generation = YES;
				INFOPLIST_KEY_UIApplicationSupportsIndirectInputEvents = YES;
				INFOPLIST_KEY_UILaunchScreen_Generation = YES;
				INFOPLIST_KEY_UISupportedInterfaceOrientations_iPad = "UIInterfaceOrientationPortrait UIInterfaceOrientationPortraitUpsideDown UIInterfaceOrientationLandscapeLeft UIInterfaceOrientationLandscapeRight";
				INFOPLIST_KEY_UISupportedInterfaceOrientations_iPhone = "UIInterfaceOrientationPortrait UIInterfaceOrientationLandscapeLeft UIInterfaceOrientationLandscapeRight";
				LD_RUNPATH_SEARCH_PATHS = (
					"$(inherited)",
					"@executable_path/Frameworks",
				);
				MARKETING_VERSION = 1.0;
				PRODUCT_BUNDLE_IDENTIFIER = academy.credo.Hike;
				PRODUCT_NAME = "$(TARGET_NAME)";
				SWIFT_EMIT_LOC_STRINGS = YES;
				SWIFT_VERSION = 5.0;
				TARGETED_DEVICE_FAMILY = "1,2";
			};
			name = Release;
		};
/* End XCBuildConfiguration section */

/* Begin XCConfigurationList section */
		3A4233582A1380C6000EE2CD /* Build configuration list for PBXProject "Hike" */ = {
			isa = XCConfigurationList;
			buildConfigurations = (
				3A4233692A1380C7000EE2CD /* Debug */,
				3A42336A2A1380C7000EE2CD /* Release */,
			);
			defaultConfigurationIsVisible = 0;
			defaultConfigurationName = Release;
		};
		3A42336B2A1380C7000EE2CD /* Build configuration list for PBXNativeTarget "Hike" */ = {
			isa = XCConfigurationList;
			buildConfigurations = (
				3A42336C2A1380C7000EE2CD /* Debug */,
				3A42336D2A1380C7000EE2CD /* Release */,
			);
			defaultConfigurationIsVisible = 0;
			defaultConfigurationName = Release;
		};
/* End XCConfigurationList section */
	};
	rootObject = 3A4233552A1380C6000EE2CD /* Project object */;
}
