// !$*UTF8*$!
{
	archiveVersion = 1;
	classes = {
	};
	objectVersion = 56;
	objects = {

/* Begin PBXBuildFile section */
		C39282D329DD237B00A4D221 /* TouchdownApp.swift in Sources */ = {isa = PBXBuildFile; fileRef = C39282D229DD237B00A4D221 /* TouchdownApp.swift */; };
		C39282D529DD237B00A4D221 /* ContentView.swift in Sources */ = {isa = PBXBuildFile; fileRef = C39282D429DD237B00A4D221 /* ContentView.swift */; };
		C39282D729DD237C00A4D221 /* Assets.xcassets in Resources */ = {isa = PBXBuildFile; fileRef = C39282D629DD237C00A4D221 /* Assets.xcassets */; };
		C39282DA29DD237C00A4D221 /* Preview Assets.xcassets in Resources */ = {isa = PBXBuildFile; fileRef = C39282D929DD237C00A4D221 /* Preview Assets.xcassets */; };
		C39282E429DD24CC00A4D221 /* category.json in Resources */ = {isa = PBXBuildFile; fileRef = C39282E029DD24CC00A4D221 /* category.json */; };
		C39282E529DD24CC00A4D221 /* player.json in Resources */ = {isa = PBXBuildFile; fileRef = C39282E129DD24CC00A4D221 /* player.json */; };
		C39282E629DD24CC00A4D221 /* brand.json in Resources */ = {isa = PBXBuildFile; fileRef = C39282E229DD24CC00A4D221 /* brand.json */; };
		C39282E729DD24CC00A4D221 /* product.json in Resources */ = {isa = PBXBuildFile; fileRef = C39282E329DD24CC00A4D221 /* product.json */; };
		C39282F229DD261900A4D221 /* Constant.swift in Sources */ = {isa = PBXBuildFile; fileRef = C39282F129DD261900A4D221 /* Constant.swift */; };
		C39282F429DD26E900A4D221 /* FooterView.swift in Sources */ = {isa = PBXBuildFile; fileRef = C39282F329DD26E900A4D221 /* FooterView.swift */; };
		C39282F629DD296600A4D221 /* NavigationBarView.swift in Sources */ = {isa = PBXBuildFile; fileRef = C39282F529DD296600A4D221 /* NavigationBarView.swift */; };
		C39282F829DD2A7300A4D221 /* LogoView.swift in Sources */ = {isa = PBXBuildFile; fileRef = C39282F729DD2A7300A4D221 /* LogoView.swift */; };
		C39282FA29DD2D5800A4D221 /* PlayerModel.swift in Sources */ = {isa = PBXBuildFile; fileRef = C39282F929DD2D5800A4D221 /* PlayerModel.swift */; };
		C39282FC29DD2DAB00A4D221 /* CodableBundleExtension.swift in Sources */ = {isa = PBXBuildFile; fileRef = C39282FB29DD2DAB00A4D221 /* CodableBundleExtension.swift */; };
		C39282FE29DD2F8200A4D221 /* FeaturedItemView.swift in Sources */ = {isa = PBXBuildFile; fileRef = C39282FD29DD2F8200A4D221 /* FeaturedItemView.swift */; };
		C392830029DD301B00A4D221 /* FeaturedTabView.swift in Sources */ = {isa = PBXBuildFile; fileRef = C39282FF29DD301B00A4D221 /* FeaturedTabView.swift */; };
		C392830229DD49B000A4D221 /* CategoryModel.swift in Sources */ = {isa = PBXBuildFile; fileRef = C392830129DD49B000A4D221 /* CategoryModel.swift */; };
		C392830429DD4AE600A4D221 /* CategoryItemView.swift in Sources */ = {isa = PBXBuildFile; fileRef = C392830329DD4AE600A4D221 /* CategoryItemView.swift */; };
		C392830829DD4FC600A4D221 /* CategoryGridView.swift in Sources */ = {isa = PBXBuildFile; fileRef = C392830729DD4FC600A4D221 /* CategoryGridView.swift */; };
		C392830B29DD523E00A4D221 /* SectionView.swift in Sources */ = {isa = PBXBuildFile; fileRef = C392830A29DD523E00A4D221 /* SectionView.swift */; };
		C392830E29DD568B00A4D221 /* TitleView.swift in Sources */ = {isa = PBXBuildFile; fileRef = C392830D29DD568B00A4D221 /* TitleView.swift */; };
		C392831029DD57CB00A4D221 /* ProductModel.swift in Sources */ = {isa = PBXBuildFile; fileRef = C392830F29DD57CB00A4D221 /* ProductModel.swift */; };
		C392831229DD587600A4D221 /* ProductItemView.swift in Sources */ = {isa = PBXBuildFile; fileRef = C392831129DD587600A4D221 /* ProductItemView.swift */; };
/* End PBXBuildFile section */

/* Begin PBXFileReference section */
		C39282CF29DD237B00A4D221 /* Touchdown.app */ = {isa = PBXFileReference; explicitFileType = wrapper.application; includeInIndex = 0; path = Touchdown.app; sourceTree = BUILT_PRODUCTS_DIR; };
		C39282D229DD237B00A4D221 /* TouchdownApp.swift */ = {isa = PBXFileReference; lastKnownFileType = sourcecode.swift; path = TouchdownApp.swift; sourceTree = "<group>"; };
		C39282D429DD237B00A4D221 /* ContentView.swift */ = {isa = PBXFileReference; lastKnownFileType = sourcecode.swift; path = ContentView.swift; sourceTree = "<group>"; };
		C39282D629DD237C00A4D221 /* Assets.xcassets */ = {isa = PBXFileReference; lastKnownFileType = folder.assetcatalog; path = Assets.xcassets; sourceTree = "<group>"; };
		C39282D929DD237C00A4D221 /* Preview Assets.xcassets */ = {isa = PBXFileReference; lastKnownFileType = folder.assetcatalog; path = "Preview Assets.xcassets"; sourceTree = "<group>"; };
		C39282E029DD24CC00A4D221 /* category.json */ = {isa = PBXFileReference; fileEncoding = 4; lastKnownFileType = text.json; path = category.json; sourceTree = "<group>"; };
		C39282E129DD24CC00A4D221 /* player.json */ = {isa = PBXFileReference; fileEncoding = 4; lastKnownFileType = text.json; path = player.json; sourceTree = "<group>"; };
		C39282E229DD24CC00A4D221 /* brand.json */ = {isa = PBXFileReference; fileEncoding = 4; lastKnownFileType = text.json; path = brand.json; sourceTree = "<group>"; };
		C39282E329DD24CC00A4D221 /* product.json */ = {isa = PBXFileReference; fileEncoding = 4; lastKnownFileType = text.json; path = product.json; sourceTree = "<group>"; };
		C39282E929DD250D00A4D221 /* Info.plist */ = {isa = PBXFileReference; lastKnownFileType = text.plist; path = Info.plist; sourceTree = "<group>"; };
		C39282F129DD261900A4D221 /* Constant.swift */ = {isa = PBXFileReference; lastKnownFileType = sourcecode.swift; path = Constant.swift; sourceTree = "<group>"; };
		C39282F329DD26E900A4D221 /* FooterView.swift */ = {isa = PBXFileReference; lastKnownFileType = sourcecode.swift; path = FooterView.swift; sourceTree = "<group>"; };
		C39282F529DD296600A4D221 /* NavigationBarView.swift */ = {isa = PBXFileReference; lastKnownFileType = sourcecode.swift; path = NavigationBarView.swift; sourceTree = "<group>"; };
		C39282F729DD2A7300A4D221 /* LogoView.swift */ = {isa = PBXFileReference; lastKnownFileType = sourcecode.swift; path = LogoView.swift; sourceTree = "<group>"; };
		C39282F929DD2D5800A4D221 /* PlayerModel.swift */ = {isa = PBXFileReference; lastKnownFileType = sourcecode.swift; path = PlayerModel.swift; sourceTree = "<group>"; };
		C39282FB29DD2DAB00A4D221 /* CodableBundleExtension.swift */ = {isa = PBXFileReference; lastKnownFileType = sourcecode.swift; path = CodableBundleExtension.swift; sourceTree = "<group>"; };
		C39282FD29DD2F8200A4D221 /* FeaturedItemView.swift */ = {isa = PBXFileReference; lastKnownFileType = sourcecode.swift; path = FeaturedItemView.swift; sourceTree = "<group>"; };
		C39282FF29DD301B00A4D221 /* FeaturedTabView.swift */ = {isa = PBXFileReference; lastKnownFileType = sourcecode.swift; path = FeaturedTabView.swift; sourceTree = "<group>"; };
		C392830129DD49B000A4D221 /* CategoryModel.swift */ = {isa = PBXFileReference; lastKnownFileType = sourcecode.swift; path = CategoryModel.swift; sourceTree = "<group>"; };
		C392830329DD4AE600A4D221 /* CategoryItemView.swift */ = {isa = PBXFileReference; lastKnownFileType = sourcecode.swift; path = CategoryItemView.swift; sourceTree = "<group>"; };
		C392830729DD4FC600A4D221 /* CategoryGridView.swift */ = {isa = PBXFileReference; lastKnownFileType = sourcecode.swift; path = CategoryGridView.swift; sourceTree = "<group>"; };
		C392830A29DD523E00A4D221 /* SectionView.swift */ = {isa = PBXFileReference; lastKnownFileType = sourcecode.swift; path = SectionView.swift; sourceTree = "<group>"; };
		C392830D29DD568B00A4D221 /* TitleView.swift */ = {isa = PBXFileReference; lastKnownFileType = sourcecode.swift; path = TitleView.swift; sourceTree = "<group>"; };
		C392830F29DD57CB00A4D221 /* ProductModel.swift */ = {isa = PBXFileReference; lastKnownFileType = sourcecode.swift; path = ProductModel.swift; sourceTree = "<group>"; };
		C392831129DD587600A4D221 /* ProductItemView.swift */ = {isa = PBXFileReference; lastKnownFileType = sourcecode.swift; path = ProductItemView.swift; sourceTree = "<group>"; };
/* End PBXFileReference section */

/* Begin PBXFrameworksBuildPhase section */
		C39282CC29DD237B00A4D221 /* Frameworks */ = {
			isa = PBXFrameworksBuildPhase;
			buildActionMask = 2147483647;
			files = (
			);
			runOnlyForDeploymentPostprocessing = 0;
		};
/* End PBXFrameworksBuildPhase section */

/* Begin PBXGroup section */
		C39282C629DD237B00A4D221 = {
			isa = PBXGroup;
			children = (
				C39282D129DD237B00A4D221 /* Touchdown */,
				C39282D029DD237B00A4D221 /* Products */,
			);
			sourceTree = "<group>";
		};
		C39282D029DD237B00A4D221 /* Products */ = {
			isa = PBXGroup;
			children = (
				C39282CF29DD237B00A4D221 /* Touchdown.app */,
			);
			name = Products;
			sourceTree = "<group>";
		};
		C39282D129DD237B00A4D221 /* Touchdown */ = {
			isa = PBXGroup;
			children = (
				C39282F029DD25EC00A4D221 /* Utility */,
				C39282EF29DD25E300A4D221 /* Extension */,
				C39282EE29DD25D800A4D221 /* Model */,
				C39282EB29DD25BE00A4D221 /* View */,
				C39282E929DD250D00A4D221 /* Info.plist */,
				C39282E829DD24D100A4D221 /* Data */,
				C39282EA29DD25A900A4D221 /* App */,
				C39282D629DD237C00A4D221 /* Assets.xcassets */,
				C39282D829DD237C00A4D221 /* Preview Content */,
			);
			path = Touchdown;
			sourceTree = "<group>";
		};
		C39282D829DD237C00A4D221 /* Preview Content */ = {
			isa = PBXGroup;
			children = (
				C39282D929DD237C00A4D221 /* Preview Assets.xcassets */,
			);
			path = "Preview Content";
			sourceTree = "<group>";
		};
		C39282E829DD24D100A4D221 /* Data */ = {
			isa = PBXGroup;
			children = (
				C39282E229DD24CC00A4D221 /* brand.json */,
				C39282E029DD24CC00A4D221 /* category.json */,
				C39282E129DD24CC00A4D221 /* player.json */,
				C39282E329DD24CC00A4D221 /* product.json */,
			);
			path = Data;
			sourceTree = "<group>";
		};
		C39282EA29DD25A900A4D221 /* App */ = {
			isa = PBXGroup;
			children = (
				C39282D229DD237B00A4D221 /* TouchdownApp.swift */,
				C39282D429DD237B00A4D221 /* ContentView.swift */,
			);
			path = App;
			sourceTree = "<group>";
		};
		C39282EB29DD25BE00A4D221 /* View */ = {
			isa = PBXGroup;
			children = (
				C39282ED29DD25CA00A4D221 /* Detail */,
				C39282EC29DD25C500A4D221 /* Home */,
			);
			path = View;
			sourceTree = "<group>";
		};
		C39282EC29DD25C500A4D221 /* Home */ = {
			isa = PBXGroup;
			children = (
				C392831329DD5B3D00A4D221 /* Product */,
				C392830C29DD566A00A4D221 /* Title */,
				C392830629DD4FAA00A4D221 /* Category */,
				C392830529DD4F8B00A4D221 /* Carousel */,
				C39282F329DD26E900A4D221 /* FooterView.swift */,
				C39282F529DD296600A4D221 /* NavigationBarView.swift */,
				C39282F729DD2A7300A4D221 /* LogoView.swift */,
			);
			path = Home;
			sourceTree = "<group>";
		};
		C39282ED29DD25CA00A4D221 /* Detail */ = {
			isa = PBXGroup;
			children = (
			);
			path = Detail;
			sourceTree = "<group>";
		};
		C39282EE29DD25D800A4D221 /* Model */ = {
			isa = PBXGroup;
			children = (
				C39282F929DD2D5800A4D221 /* PlayerModel.swift */,
				C392830129DD49B000A4D221 /* CategoryModel.swift */,
				C392830F29DD57CB00A4D221 /* ProductModel.swift */,
			);
			path = Model;
			sourceTree = "<group>";
		};
		C39282EF29DD25E300A4D221 /* Extension */ = {
			isa = PBXGroup;
			children = (
				C39282FB29DD2DAB00A4D221 /* CodableBundleExtension.swift */,
			);
			path = Extension;
			sourceTree = "<group>";
		};
		C39282F029DD25EC00A4D221 /* Utility */ = {
			isa = PBXGroup;
			children = (
				C39282F129DD261900A4D221 /* Constant.swift */,
			);
			path = Utility;
			sourceTree = "<group>";
		};
		C392830529DD4F8B00A4D221 /* Carousel */ = {
			isa = PBXGroup;
			children = (
				C39282FD29DD2F8200A4D221 /* FeaturedItemView.swift */,
				C39282FF29DD301B00A4D221 /* FeaturedTabView.swift */,
			);
			path = Carousel;
			sourceTree = "<group>";
		};
		C392830629DD4FAA00A4D221 /* Category */ = {
			isa = PBXGroup;
			children = (
				C392830929DD51FD00A4D221 /* Section */,
				C392830329DD4AE600A4D221 /* CategoryItemView.swift */,
				C392830729DD4FC600A4D221 /* CategoryGridView.swift */,
			);
			path = Category;
			sourceTree = "<group>";
		};
		C392830929DD51FD00A4D221 /* Section */ = {
			isa = PBXGroup;
			children = (
				C392830A29DD523E00A4D221 /* SectionView.swift */,
			);
			path = Section;
			sourceTree = "<group>";
		};
		C392830C29DD566A00A4D221 /* Title */ = {
			isa = PBXGroup;
			children = (
				C392830D29DD568B00A4D221 /* TitleView.swift */,
			);
			path = Title;
			sourceTree = "<group>";
		};
		C392831329DD5B3D00A4D221 /* Product */ = {
			isa = PBXGroup;
			children = (
				C392831129DD587600A4D221 /* ProductItemView.swift */,
			);
			path = Product;
			sourceTree = "<group>";
		};
/* End PBXGroup section */

/* Begin PBXNativeTarget section */
		C39282CE29DD237B00A4D221 /* Touchdown */ = {
			isa = PBXNativeTarget;
			buildConfigurationList = C39282DD29DD237C00A4D221 /* Build configuration list for PBXNativeTarget "Touchdown" */;
			buildPhases = (
				C39282CB29DD237B00A4D221 /* Sources */,
				C39282CC29DD237B00A4D221 /* Frameworks */,
				C39282CD29DD237B00A4D221 /* Resources */,
			);
			buildRules = (
			);
			dependencies = (
			);
			name = Touchdown;
			productName = Touchdown;
			productReference = C39282CF29DD237B00A4D221 /* Touchdown.app */;
			productType = "com.apple.product-type.application";
		};
/* End PBXNativeTarget section */

/* Begin PBXProject section */
		C39282C729DD237B00A4D221 /* Project object */ = {
			isa = PBXProject;
			attributes = {
				BuildIndependentTargetsInParallel = 1;
				LastSwiftUpdateCheck = 1430;
				LastUpgradeCheck = 1430;
				TargetAttributes = {
					C39282CE29DD237B00A4D221 = {
						CreatedOnToolsVersion = 14.3;
					};
				};
			};
			buildConfigurationList = C39282CA29DD237B00A4D221 /* Build configuration list for PBXProject "Touchdown" */;
			compatibilityVersion = "Xcode 14.0";
			developmentRegion = en;
			hasScannedForEncodings = 0;
			knownRegions = (
				en,
				Base,
			);
			mainGroup = C39282C629DD237B00A4D221;
			productRefGroup = C39282D029DD237B00A4D221 /* Products */;
			projectDirPath = "";
			projectRoot = "";
			targets = (
				C39282CE29DD237B00A4D221 /* Touchdown */,
			);
		};
/* End PBXProject section */

/* Begin PBXResourcesBuildPhase section */
		C39282CD29DD237B00A4D221 /* Resources */ = {
			isa = PBXResourcesBuildPhase;
			buildActionMask = 2147483647;
			files = (
				C39282E529DD24CC00A4D221 /* player.json in Resources */,
				C39282E629DD24CC00A4D221 /* brand.json in Resources */,
				C39282E429DD24CC00A4D221 /* category.json in Resources */,
				C39282DA29DD237C00A4D221 /* Preview Assets.xcassets in Resources */,
				C39282D729DD237C00A4D221 /* Assets.xcassets in Resources */,
				C39282E729DD24CC00A4D221 /* product.json in Resources */,
			);
			runOnlyForDeploymentPostprocessing = 0;
		};
/* End PBXResourcesBuildPhase section */

/* Begin PBXSourcesBuildPhase section */
		C39282CB29DD237B00A4D221 /* Sources */ = {
			isa = PBXSourcesBuildPhase;
			buildActionMask = 2147483647;
			files = (
				C39282FC29DD2DAB00A4D221 /* CodableBundleExtension.swift in Sources */,
				C39282D529DD237B00A4D221 /* ContentView.swift in Sources */,
				C39282F829DD2A7300A4D221 /* LogoView.swift in Sources */,
				C39282F429DD26E900A4D221 /* FooterView.swift in Sources */,
				C39282FE29DD2F8200A4D221 /* FeaturedItemView.swift in Sources */,
				C392831229DD587600A4D221 /* ProductItemView.swift in Sources */,
				C39282D329DD237B00A4D221 /* TouchdownApp.swift in Sources */,
				C39282F229DD261900A4D221 /* Constant.swift in Sources */,
				C392830829DD4FC600A4D221 /* CategoryGridView.swift in Sources */,
				C392830229DD49B000A4D221 /* CategoryModel.swift in Sources */,
				C39282F629DD296600A4D221 /* NavigationBarView.swift in Sources */,
				C392830B29DD523E00A4D221 /* SectionView.swift in Sources */,
				C392830429DD4AE600A4D221 /* CategoryItemView.swift in Sources */,
				C392830029DD301B00A4D221 /* FeaturedTabView.swift in Sources */,
				C39282FA29DD2D5800A4D221 /* PlayerModel.swift in Sources */,
				C392830E29DD568B00A4D221 /* TitleView.swift in Sources */,
				C392831029DD57CB00A4D221 /* ProductModel.swift in Sources */,
			);
			runOnlyForDeploymentPostprocessing = 0;
		};
/* End PBXSourcesBuildPhase section */

/* Begin XCBuildConfiguration section */
		C39282DB29DD237C00A4D221 /* Debug */ = {
			isa = XCBuildConfiguration;
			buildSettings = {
				ALWAYS_SEARCH_USER_PATHS = NO;
				CLANG_ANALYZER_NONNULL = YES;
				CLANG_ANALYZER_NUMBER_OBJECT_CONVERSION = YES_AGGRESSIVE;
				CLANG_CXX_LANGUAGE_STANDARD = "gnu++20";
				CLANG_ENABLE_MODULES = YES;
				CLANG_ENABLE_OBJC_ARC = YES;
				CLANG_ENABLE_OBJC_WEAK = YES;
				CLANG_WARN_BLOCK_CAPTURE_AUTORELEASING = YES;
				CLANG_WARN_BOOL_CONVERSION = YES;
				CLANG_WARN_COMMA = YES;
				CLANG_WARN_CONSTANT_CONVERSION = YES;
				CLANG_WARN_DEPRECATED_OBJC_IMPLEMENTATIONS = YES;
				CLANG_WARN_DIRECT_OBJC_ISA_USAGE = YES_ERROR;
				CLANG_WARN_DOCUMENTATION_COMMENTS = YES;
				CLANG_WARN_EMPTY_BODY = YES;
				CLANG_WARN_ENUM_CONVERSION = YES;
				CLANG_WARN_INFINITE_RECURSION = YES;
				CLANG_WARN_INT_CONVERSION = YES;
				CLANG_WARN_NON_LITERAL_NULL_CONVERSION = YES;
				CLANG_WARN_OBJC_IMPLICIT_RETAIN_SELF = YES;
				CLANG_WARN_OBJC_LITERAL_CONVERSION = YES;
				CLANG_WARN_OBJC_ROOT_CLASS = YES_ERROR;
				CLANG_WARN_QUOTED_INCLUDE_IN_FRAMEWORK_HEADER = YES;
				CLANG_WARN_RANGE_LOOP_ANALYSIS = YES;
				CLANG_WARN_STRICT_PROTOTYPES = YES;
				CLANG_WARN_SUSPICIOUS_MOVE = YES;
				CLANG_WARN_UNGUARDED_AVAILABILITY = YES_AGGRESSIVE;
				CLANG_WARN_UNREACHABLE_CODE = YES;
				CLANG_WARN__DUPLICATE_METHOD_MATCH = YES;
				COPY_PHASE_STRIP = NO;
				DEBUG_INFORMATION_FORMAT = dwarf;
				ENABLE_STRICT_OBJC_MSGSEND = YES;
				ENABLE_TESTABILITY = YES;
				GCC_C_LANGUAGE_STANDARD = gnu11;
				GCC_DYNAMIC_NO_PIC = NO;
				GCC_NO_COMMON_BLOCKS = YES;
				GCC_OPTIMIZATION_LEVEL = 0;
				GCC_PREPROCESSOR_DEFINITIONS = (
					"DEBUG=1",
					"$(inherited)",
				);
				GCC_WARN_64_TO_32_BIT_CONVERSION = YES;
				GCC_WARN_ABOUT_RETURN_TYPE = YES_ERROR;
				GCC_WARN_UNDECLARED_SELECTOR = YES;
				GCC_WARN_UNINITIALIZED_AUTOS = YES_AGGRESSIVE;
				GCC_WARN_UNUSED_FUNCTION = YES;
				GCC_WARN_UNUSED_VARIABLE = YES;
				IPHONEOS_DEPLOYMENT_TARGET = 16.4;
				MTL_ENABLE_DEBUG_INFO = INCLUDE_SOURCE;
				MTL_FAST_MATH = YES;
				ONLY_ACTIVE_ARCH = YES;
				SDKROOT = iphoneos;
				SWIFT_ACTIVE_COMPILATION_CONDITIONS = DEBUG;
				SWIFT_OPTIMIZATION_LEVEL = "-Onone";
			};
			name = Debug;
		};
		C39282DC29DD237C00A4D221 /* Release */ = {
			isa = XCBuildConfiguration;
			buildSettings = {
				ALWAYS_SEARCH_USER_PATHS = NO;
				CLANG_ANALYZER_NONNULL = YES;
				CLANG_ANALYZER_NUMBER_OBJECT_CONVERSION = YES_AGGRESSIVE;
				CLANG_CXX_LANGUAGE_STANDARD = "gnu++20";
				CLANG_ENABLE_MODULES = YES;
				CLANG_ENABLE_OBJC_ARC = YES;
				CLANG_ENABLE_OBJC_WEAK = YES;
				CLANG_WARN_BLOCK_CAPTURE_AUTORELEASING = YES;
				CLANG_WARN_BOOL_CONVERSION = YES;
				CLANG_WARN_COMMA = YES;
				CLANG_WARN_CONSTANT_CONVERSION = YES;
				CLANG_WARN_DEPRECATED_OBJC_IMPLEMENTATIONS = YES;
				CLANG_WARN_DIRECT_OBJC_ISA_USAGE = YES_ERROR;
				CLANG_WARN_DOCUMENTATION_COMMENTS = YES;
				CLANG_WARN_EMPTY_BODY = YES;
				CLANG_WARN_ENUM_CONVERSION = YES;
				CLANG_WARN_INFINITE_RECURSION = YES;
				CLANG_WARN_INT_CONVERSION = YES;
				CLANG_WARN_NON_LITERAL_NULL_CONVERSION = YES;
				CLANG_WARN_OBJC_IMPLICIT_RETAIN_SELF = YES;
				CLANG_WARN_OBJC_LITERAL_CONVERSION = YES;
				CLANG_WARN_OBJC_ROOT_CLASS = YES_ERROR;
				CLANG_WARN_QUOTED_INCLUDE_IN_FRAMEWORK_HEADER = YES;
				CLANG_WARN_RANGE_LOOP_ANALYSIS = YES;
				CLANG_WARN_STRICT_PROTOTYPES = YES;
				CLANG_WARN_SUSPICIOUS_MOVE = YES;
				CLANG_WARN_UNGUARDED_AVAILABILITY = YES_AGGRESSIVE;
				CLANG_WARN_UNREACHABLE_CODE = YES;
				CLANG_WARN__DUPLICATE_METHOD_MATCH = YES;
				COPY_PHASE_STRIP = NO;
				DEBUG_INFORMATION_FORMAT = "dwarf-with-dsym";
				ENABLE_NS_ASSERTIONS = NO;
				ENABLE_STRICT_OBJC_MSGSEND = YES;
				GCC_C_LANGUAGE_STANDARD = gnu11;
				GCC_NO_COMMON_BLOCKS = YES;
				GCC_WARN_64_TO_32_BIT_CONVERSION = YES;
				GCC_WARN_ABOUT_RETURN_TYPE = YES_ERROR;
				GCC_WARN_UNDECLARED_SELECTOR = YES;
				GCC_WARN_UNINITIALIZED_AUTOS = YES_AGGRESSIVE;
				GCC_WARN_UNUSED_FUNCTION = YES;
				GCC_WARN_UNUSED_VARIABLE = YES;
				IPHONEOS_DEPLOYMENT_TARGET = 16.4;
				MTL_ENABLE_DEBUG_INFO = NO;
				MTL_FAST_MATH = YES;
				SDKROOT = iphoneos;
				SWIFT_COMPILATION_MODE = wholemodule;
				SWIFT_OPTIMIZATION_LEVEL = "-O";
				VALIDATE_PRODUCT = YES;
			};
			name = Release;
		};
		C39282DE29DD237C00A4D221 /* Debug */ = {
			isa = XCBuildConfiguration;
			buildSettings = {
				ASSETCATALOG_COMPILER_APPICON_NAME = AppIcon;
				ASSETCATALOG_COMPILER_GLOBAL_ACCENT_COLOR_NAME = AccentColor;
				CODE_SIGN_STYLE = Automatic;
				CURRENT_PROJECT_VERSION = 1;
				DEVELOPMENT_ASSET_PATHS = "\"Touchdown/Preview Content\"";
				DEVELOPMENT_TEAM = 828D2J84L9;
				ENABLE_PREVIEWS = YES;
				GENERATE_INFOPLIST_FILE = YES;
				INFOPLIST_FILE = Touchdown/Info.plist;
				INFOPLIST_KEY_UIApplicationSceneManifest_Generation = YES;
				INFOPLIST_KEY_UIApplicationSupportsIndirectInputEvents = YES;
				INFOPLIST_KEY_UISupportedInterfaceOrientations = UIInterfaceOrientationPortrait;
				INFOPLIST_KEY_UIUserInterfaceStyle = Light;
				LD_RUNPATH_SEARCH_PATHS = (
					"$(inherited)",
					"@executable_path/Frameworks",
				);
				MARKETING_VERSION = 1.0;
				PRODUCT_BUNDLE_IDENTIFIER = com.patriciafiona.Touchdown;
				PRODUCT_NAME = "$(TARGET_NAME)";
				SWIFT_EMIT_LOC_STRINGS = YES;
				SWIFT_VERSION = 5.0;
				TARGETED_DEVICE_FAMILY = "1,2";
			};
			name = Debug;
		};
		C39282DF29DD237C00A4D221 /* Release */ = {
			isa = XCBuildConfiguration;
			buildSettings = {
				ASSETCATALOG_COMPILER_APPICON_NAME = AppIcon;
				ASSETCATALOG_COMPILER_GLOBAL_ACCENT_COLOR_NAME = AccentColor;
				CODE_SIGN_STYLE = Automatic;
				CURRENT_PROJECT_VERSION = 1;
				DEVELOPMENT_ASSET_PATHS = "\"Touchdown/Preview Content\"";
				DEVELOPMENT_TEAM = 828D2J84L9;
				ENABLE_PREVIEWS = YES;
				GENERATE_INFOPLIST_FILE = YES;
				INFOPLIST_FILE = Touchdown/Info.plist;
				INFOPLIST_KEY_UIApplicationSceneManifest_Generation = YES;
				INFOPLIST_KEY_UIApplicationSupportsIndirectInputEvents = YES;
				INFOPLIST_KEY_UISupportedInterfaceOrientations = UIInterfaceOrientationPortrait;
				INFOPLIST_KEY_UIUserInterfaceStyle = Light;
				LD_RUNPATH_SEARCH_PATHS = (
					"$(inherited)",
					"@executable_path/Frameworks",
				);
				MARKETING_VERSION = 1.0;
				PRODUCT_BUNDLE_IDENTIFIER = com.patriciafiona.Touchdown;
				PRODUCT_NAME = "$(TARGET_NAME)";
				SWIFT_EMIT_LOC_STRINGS = YES;
				SWIFT_VERSION = 5.0;
				TARGETED_DEVICE_FAMILY = "1,2";
			};
			name = Release;
		};
/* End XCBuildConfiguration section */

/* Begin XCConfigurationList section */
		C39282CA29DD237B00A4D221 /* Build configuration list for PBXProject "Touchdown" */ = {
			isa = XCConfigurationList;
			buildConfigurations = (
				C39282DB29DD237C00A4D221 /* Debug */,
				C39282DC29DD237C00A4D221 /* Release */,
			);
			defaultConfigurationIsVisible = 0;
			defaultConfigurationName = Release;
		};
		C39282DD29DD237C00A4D221 /* Build configuration list for PBXNativeTarget "Touchdown" */ = {
			isa = XCConfigurationList;
			buildConfigurations = (
				C39282DE29DD237C00A4D221 /* Debug */,
				C39282DF29DD237C00A4D221 /* Release */,
			);
			defaultConfigurationIsVisible = 0;
			defaultConfigurationName = Release;
		};
/* End XCConfigurationList section */
	};
	rootObject = C39282C729DD237B00A4D221 /* Project object */;
}
