// !$*UTF8*$!
{
	archiveVersion = 1;
	classes = {
	};
	objectVersion = 56;
	objects = {

/* Begin PBXBuildFile section */
		C392834A29DE9DAE00A4D221 /* DevoteApp.swift in Sources */ = {isa = PBXBuildFile; fileRef = C392834929DE9DAE00A4D221 /* DevoteApp.swift */; };
		C392834C29DE9DAE00A4D221 /* ContentView.swift in Sources */ = {isa = PBXBuildFile; fileRef = C392834B29DE9DAE00A4D221 /* ContentView.swift */; };
		C392834E29DE9DAF00A4D221 /* Assets.xcassets in Resources */ = {isa = PBXBuildFile; fileRef = C392834D29DE9DAF00A4D221 /* Assets.xcassets */; };
		C392835129DE9DAF00A4D221 /* Preview Assets.xcassets in Resources */ = {isa = PBXBuildFile; fileRef = C392835029DE9DAF00A4D221 /* Preview Assets.xcassets */; };
		C392835329DE9DAF00A4D221 /* Persistence.swift in Sources */ = {isa = PBXBuildFile; fileRef = C392835229DE9DAF00A4D221 /* Persistence.swift */; };
		C392835629DE9DAF00A4D221 /* Devote.xcdatamodeld in Sources */ = {isa = PBXBuildFile; fileRef = C392835429DE9DAF00A4D221 /* Devote.xcdatamodeld */; };
		C392835F29DE9F9200A4D221 /* sound-ding.mp3 in Resources */ = {isa = PBXBuildFile; fileRef = C392835C29DE9F9200A4D221 /* sound-ding.mp3 */; };
		C392836029DE9F9200A4D221 /* sound-rise.mp3 in Resources */ = {isa = PBXBuildFile; fileRef = C392835D29DE9F9200A4D221 /* sound-rise.mp3 */; };
		C392836129DE9F9200A4D221 /* sound-tap.mp3 in Resources */ = {isa = PBXBuildFile; fileRef = C392835E29DE9F9200A4D221 /* sound-tap.mp3 */; };
/* End PBXBuildFile section */

/* Begin PBXFileReference section */
		C392834629DE9DAE00A4D221 /* Devote.app */ = {isa = PBXFileReference; explicitFileType = wrapper.application; includeInIndex = 0; path = Devote.app; sourceTree = BUILT_PRODUCTS_DIR; };
		C392834929DE9DAE00A4D221 /* DevoteApp.swift */ = {isa = PBXFileReference; lastKnownFileType = sourcecode.swift; path = DevoteApp.swift; sourceTree = "<group>"; };
		C392834B29DE9DAE00A4D221 /* ContentView.swift */ = {isa = PBXFileReference; lastKnownFileType = sourcecode.swift; path = ContentView.swift; sourceTree = "<group>"; };
		C392834D29DE9DAF00A4D221 /* Assets.xcassets */ = {isa = PBXFileReference; lastKnownFileType = folder.assetcatalog; path = Assets.xcassets; sourceTree = "<group>"; };
		C392835029DE9DAF00A4D221 /* Preview Assets.xcassets */ = {isa = PBXFileReference; lastKnownFileType = folder.assetcatalog; path = "Preview Assets.xcassets"; sourceTree = "<group>"; };
		C392835229DE9DAF00A4D221 /* Persistence.swift */ = {isa = PBXFileReference; lastKnownFileType = sourcecode.swift; path = Persistence.swift; sourceTree = "<group>"; };
		C392835529DE9DAF00A4D221 /* Devote.xcdatamodel */ = {isa = PBXFileReference; lastKnownFileType = wrapper.xcdatamodel; path = Devote.xcdatamodel; sourceTree = "<group>"; };
		C392835C29DE9F9200A4D221 /* sound-ding.mp3 */ = {isa = PBXFileReference; lastKnownFileType = audio.mp3; path = "sound-ding.mp3"; sourceTree = "<group>"; };
		C392835D29DE9F9200A4D221 /* sound-rise.mp3 */ = {isa = PBXFileReference; lastKnownFileType = audio.mp3; path = "sound-rise.mp3"; sourceTree = "<group>"; };
		C392835E29DE9F9200A4D221 /* sound-tap.mp3 */ = {isa = PBXFileReference; lastKnownFileType = audio.mp3; path = "sound-tap.mp3"; sourceTree = "<group>"; };
		C392836829DEA24000A4D221 /* Info.plist */ = {isa = PBXFileReference; lastKnownFileType = text.plist; path = Info.plist; sourceTree = "<group>"; };
/* End PBXFileReference section */

/* Begin PBXFrameworksBuildPhase section */
		C392834329DE9DAE00A4D221 /* Frameworks */ = {
			isa = PBXFrameworksBuildPhase;
			buildActionMask = 2147483647;
			files = (
			);
			runOnlyForDeploymentPostprocessing = 0;
		};
/* End PBXFrameworksBuildPhase section */

/* Begin PBXGroup section */
		C392833D29DE9DAE00A4D221 = {
			isa = PBXGroup;
			children = (
				C392834829DE9DAE00A4D221 /* Devote */,
				C392834729DE9DAE00A4D221 /* Products */,
			);
			sourceTree = "<group>";
		};
		C392834729DE9DAE00A4D221 /* Products */ = {
			isa = PBXGroup;
			children = (
				C392834629DE9DAE00A4D221 /* Devote.app */,
			);
			name = Products;
			sourceTree = "<group>";
		};
		C392834829DE9DAE00A4D221 /* Devote */ = {
			isa = PBXGroup;
			children = (
				C392836829DEA24000A4D221 /* Info.plist */,
				C392834929DE9DAE00A4D221 /* DevoteApp.swift */,
				C392834D29DE9DAF00A4D221 /* Assets.xcassets */,
				C392836329DE9FD400A4D221 /* Extension */,
				C392836729DEA0C300A4D221 /* Model */,
				C392836229DE9FC200A4D221 /* Sound */,
				C392836629DEA01F00A4D221 /* Style */,
				C392836529DEA00000A4D221 /* Utility */,
				C392836429DE9FDD00A4D221 /* View */,
				C392834F29DE9DAF00A4D221 /* Preview Content */,
			);
			path = Devote;
			sourceTree = "<group>";
		};
		C392834F29DE9DAF00A4D221 /* Preview Content */ = {
			isa = PBXGroup;
			children = (
				C392835029DE9DAF00A4D221 /* Preview Assets.xcassets */,
			);
			path = "Preview Content";
			sourceTree = "<group>";
		};
		C392836229DE9FC200A4D221 /* Sound */ = {
			isa = PBXGroup;
			children = (
				C392835C29DE9F9200A4D221 /* sound-ding.mp3 */,
				C392835D29DE9F9200A4D221 /* sound-rise.mp3 */,
				C392835E29DE9F9200A4D221 /* sound-tap.mp3 */,
			);
			path = Sound;
			sourceTree = "<group>";
		};
		C392836329DE9FD400A4D221 /* Extension */ = {
			isa = PBXGroup;
			children = (
			);
			path = Extension;
			sourceTree = "<group>";
		};
		C392836429DE9FDD00A4D221 /* View */ = {
			isa = PBXGroup;
			children = (
				C392834B29DE9DAE00A4D221 /* ContentView.swift */,
			);
			path = View;
			sourceTree = "<group>";
		};
		C392836529DEA00000A4D221 /* Utility */ = {
			isa = PBXGroup;
			children = (
			);
			path = Utility;
			sourceTree = "<group>";
		};
		C392836629DEA01F00A4D221 /* Style */ = {
			isa = PBXGroup;
			children = (
			);
			path = Style;
			sourceTree = "<group>";
		};
		C392836729DEA0C300A4D221 /* Model */ = {
			isa = PBXGroup;
			children = (
				C392835229DE9DAF00A4D221 /* Persistence.swift */,
				C392835429DE9DAF00A4D221 /* Devote.xcdatamodeld */,
			);
			path = Model;
			sourceTree = "<group>";
		};
/* End PBXGroup section */

/* Begin PBXNativeTarget section */
		C392834529DE9DAE00A4D221 /* Devote */ = {
			isa = PBXNativeTarget;
			buildConfigurationList = C392835929DE9DAF00A4D221 /* Build configuration list for PBXNativeTarget "Devote" */;
			buildPhases = (
				C392834229DE9DAE00A4D221 /* Sources */,
				C392834329DE9DAE00A4D221 /* Frameworks */,
				C392834429DE9DAE00A4D221 /* Resources */,
			);
			buildRules = (
			);
			dependencies = (
			);
			name = Devote;
			productName = Devote;
			productReference = C392834629DE9DAE00A4D221 /* Devote.app */;
			productType = "com.apple.product-type.application";
		};
/* End PBXNativeTarget section */

/* Begin PBXProject section */
		C392833E29DE9DAE00A4D221 /* Project object */ = {
			isa = PBXProject;
			attributes = {
				BuildIndependentTargetsInParallel = 1;
				LastSwiftUpdateCheck = 1430;
				LastUpgradeCheck = 1430;
				TargetAttributes = {
					C392834529DE9DAE00A4D221 = {
						CreatedOnToolsVersion = 14.3;
					};
				};
			};
			buildConfigurationList = C392834129DE9DAE00A4D221 /* Build configuration list for PBXProject "Devote" */;
			compatibilityVersion = "Xcode 14.0";
			developmentRegion = en;
			hasScannedForEncodings = 0;
			knownRegions = (
				en,
				Base,
			);
			mainGroup = C392833D29DE9DAE00A4D221;
			productRefGroup = C392834729DE9DAE00A4D221 /* Products */;
			projectDirPath = "";
			projectRoot = "";
			targets = (
				C392834529DE9DAE00A4D221 /* Devote */,
			);
		};
/* End PBXProject section */

/* Begin PBXResourcesBuildPhase section */
		C392834429DE9DAE00A4D221 /* Resources */ = {
			isa = PBXResourcesBuildPhase;
			buildActionMask = 2147483647;
			files = (
				C392835129DE9DAF00A4D221 /* Preview Assets.xcassets in Resources */,
				C392836029DE9F9200A4D221 /* sound-rise.mp3 in Resources */,
				C392834E29DE9DAF00A4D221 /* Assets.xcassets in Resources */,
				C392836129DE9F9200A4D221 /* sound-tap.mp3 in Resources */,
				C392835F29DE9F9200A4D221 /* sound-ding.mp3 in Resources */,
			);
			runOnlyForDeploymentPostprocessing = 0;
		};
/* End PBXResourcesBuildPhase section */

/* Begin PBXSourcesBuildPhase section */
		C392834229DE9DAE00A4D221 /* Sources */ = {
			isa = PBXSourcesBuildPhase;
			buildActionMask = 2147483647;
			files = (
				C392835329DE9DAF00A4D221 /* Persistence.swift in Sources */,
				C392834C29DE9DAE00A4D221 /* ContentView.swift in Sources */,
				C392835629DE9DAF00A4D221 /* Devote.xcdatamodeld in Sources */,
				C392834A29DE9DAE00A4D221 /* DevoteApp.swift in Sources */,
			);
			runOnlyForDeploymentPostprocessing = 0;
		};
/* End PBXSourcesBuildPhase section */

/* Begin XCBuildConfiguration section */
		C392835729DE9DAF00A4D221 /* Debug */ = {
			isa = XCBuildConfiguration;
			buildSettings = {
				ALWAYS_SEARCH_USER_PATHS = NO;
				CLANG_ANALYZER_NONNULL = YES;
				CLANG_ANALYZER_NUMBER_OBJECT_CONVERSION = YES_AGGRESSIVE;
				CLANG_CXX_LANGUAGE_STANDARD = "gnu++20";
				CLANG_ENABLE_MODULES = YES;
				CLANG_ENABLE_OBJC_ARC = YES;
				CLANG_ENABLE_OBJC_WEAK = YES;
				CLANG_WARN_BLOCK_CAPTURE_AUTORELEASING = YES;
				CLANG_WARN_BOOL_CONVERSION = YES;
				CLANG_WARN_COMMA = YES;
				CLANG_WARN_CONSTANT_CONVERSION = YES;
				CLANG_WARN_DEPRECATED_OBJC_IMPLEMENTATIONS = YES;
				CLANG_WARN_DIRECT_OBJC_ISA_USAGE = YES_ERROR;
				CLANG_WARN_DOCUMENTATION_COMMENTS = YES;
				CLANG_WARN_EMPTY_BODY = YES;
				CLANG_WARN_ENUM_CONVERSION = YES;
				CLANG_WARN_INFINITE_RECURSION = YES;
				CLANG_WARN_INT_CONVERSION = YES;
				CLANG_WARN_NON_LITERAL_NULL_CONVERSION = YES;
				CLANG_WARN_OBJC_IMPLICIT_RETAIN_SELF = YES;
				CLANG_WARN_OBJC_LITERAL_CONVERSION = YES;
				CLANG_WARN_OBJC_ROOT_CLASS = YES_ERROR;
				CLANG_WARN_QUOTED_INCLUDE_IN_FRAMEWORK_HEADER = YES;
				CLANG_WARN_RANGE_LOOP_ANALYSIS = YES;
				CLANG_WARN_STRICT_PROTOTYPES = YES;
				CLANG_WARN_SUSPICIOUS_MOVE = YES;
				CLANG_WARN_UNGUARDED_AVAILABILITY = YES_AGGRESSIVE;
				CLANG_WARN_UNREACHABLE_CODE = YES;
				CLANG_WARN__DUPLICATE_METHOD_MATCH = YES;
				COPY_PHASE_STRIP = NO;
				DEBUG_INFORMATION_FORMAT = dwarf;
				ENABLE_STRICT_OBJC_MSGSEND = YES;
				ENABLE_TESTABILITY = YES;
				GCC_C_LANGUAGE_STANDARD = gnu11;
				GCC_DYNAMIC_NO_PIC = NO;
				GCC_NO_COMMON_BLOCKS = YES;
				GCC_OPTIMIZATION_LEVEL = 0;
				GCC_PREPROCESSOR_DEFINITIONS = (
					"DEBUG=1",
					"$(inherited)",
				);
				GCC_WARN_64_TO_32_BIT_CONVERSION = YES;
				GCC_WARN_ABOUT_RETURN_TYPE = YES_ERROR;
				GCC_WARN_UNDECLARED_SELECTOR = YES;
				GCC_WARN_UNINITIALIZED_AUTOS = YES_AGGRESSIVE;
				GCC_WARN_UNUSED_FUNCTION = YES;
				GCC_WARN_UNUSED_VARIABLE = YES;
				IPHONEOS_DEPLOYMENT_TARGET = 16.4;
				MTL_ENABLE_DEBUG_INFO = INCLUDE_SOURCE;
				MTL_FAST_MATH = YES;
				ONLY_ACTIVE_ARCH = YES;
				SDKROOT = iphoneos;
				SWIFT_ACTIVE_COMPILATION_CONDITIONS = DEBUG;
				SWIFT_OPTIMIZATION_LEVEL = "-Onone";
			};
			name = Debug;
		};
		C392835829DE9DAF00A4D221 /* Release */ = {
			isa = XCBuildConfiguration;
			buildSettings = {
				ALWAYS_SEARCH_USER_PATHS = NO;
				CLANG_ANALYZER_NONNULL = YES;
				CLANG_ANALYZER_NUMBER_OBJECT_CONVERSION = YES_AGGRESSIVE;
				CLANG_CXX_LANGUAGE_STANDARD = "gnu++20";
				CLANG_ENABLE_MODULES = YES;
				CLANG_ENABLE_OBJC_ARC = YES;
				CLANG_ENABLE_OBJC_WEAK = YES;
				CLANG_WARN_BLOCK_CAPTURE_AUTORELEASING = YES;
				CLANG_WARN_BOOL_CONVERSION = YES;
				CLANG_WARN_COMMA = YES;
				CLANG_WARN_CONSTANT_CONVERSION = YES;
				CLANG_WARN_DEPRECATED_OBJC_IMPLEMENTATIONS = YES;
				CLANG_WARN_DIRECT_OBJC_ISA_USAGE = YES_ERROR;
				CLANG_WARN_DOCUMENTATION_COMMENTS = YES;
				CLANG_WARN_EMPTY_BODY = YES;
				CLANG_WARN_ENUM_CONVERSION = YES;
				CLANG_WARN_INFINITE_RECURSION = YES;
				CLANG_WARN_INT_CONVERSION = YES;
				CLANG_WARN_NON_LITERAL_NULL_CONVERSION = YES;
				CLANG_WARN_OBJC_IMPLICIT_RETAIN_SELF = YES;
				CLANG_WARN_OBJC_LITERAL_CONVERSION = YES;
				CLANG_WARN_OBJC_ROOT_CLASS = YES_ERROR;
				CLANG_WARN_QUOTED_INCLUDE_IN_FRAMEWORK_HEADER = YES;
				CLANG_WARN_RANGE_LOOP_ANALYSIS = YES;
				CLANG_WARN_STRICT_PROTOTYPES = YES;
				CLANG_WARN_SUSPICIOUS_MOVE = YES;
				CLANG_WARN_UNGUARDED_AVAILABILITY = YES_AGGRESSIVE;
				CLANG_WARN_UNREACHABLE_CODE = YES;
				CLANG_WARN__DUPLICATE_METHOD_MATCH = YES;
				COPY_PHASE_STRIP = NO;
				DEBUG_INFORMATION_FORMAT = "dwarf-with-dsym";
				ENABLE_NS_ASSERTIONS = NO;
				ENABLE_STRICT_OBJC_MSGSEND = YES;
				GCC_C_LANGUAGE_STANDARD = gnu11;
				GCC_NO_COMMON_BLOCKS = YES;
				GCC_WARN_64_TO_32_BIT_CONVERSION = YES;
				GCC_WARN_ABOUT_RETURN_TYPE = YES_ERROR;
				GCC_WARN_UNDECLARED_SELECTOR = YES;
				GCC_WARN_UNINITIALIZED_AUTOS = YES_AGGRESSIVE;
				GCC_WARN_UNUSED_FUNCTION = YES;
				GCC_WARN_UNUSED_VARIABLE = YES;
				IPHONEOS_DEPLOYMENT_TARGET = 16.4;
				MTL_ENABLE_DEBUG_INFO = NO;
				MTL_FAST_MATH = YES;
				SDKROOT = iphoneos;
				SWIFT_COMPILATION_MODE = wholemodule;
				SWIFT_OPTIMIZATION_LEVEL = "-O";
				VALIDATE_PRODUCT = YES;
			};
			name = Release;
		};
		C392835A29DE9DAF00A4D221 /* Debug */ = {
			isa = XCBuildConfiguration;
			buildSettings = {
				ASSETCATALOG_COMPILER_APPICON_NAME = AppIcon;
				ASSETCATALOG_COMPILER_GLOBAL_ACCENT_COLOR_NAME = AccentColor;
				CODE_SIGN_STYLE = Automatic;
				CURRENT_PROJECT_VERSION = 1;
				DEVELOPMENT_ASSET_PATHS = "\"Devote/Preview Content\"";
				DEVELOPMENT_TEAM = 828D2J84L9;
				ENABLE_PREVIEWS = YES;
				GENERATE_INFOPLIST_FILE = YES;
				INFOPLIST_FILE = Devote/Info.plist;
				INFOPLIST_KEY_UIApplicationSceneManifest_Generation = YES;
				INFOPLIST_KEY_UIApplicationSupportsIndirectInputEvents = YES;
				INFOPLIST_KEY_UISupportedInterfaceOrientations = UIInterfaceOrientationPortrait;
				LD_RUNPATH_SEARCH_PATHS = (
					"$(inherited)",
					"@executable_path/Frameworks",
				);
				MARKETING_VERSION = 1.0;
				PRODUCT_BUNDLE_IDENTIFIER = com.patriciafiona.Devote;
				PRODUCT_NAME = "$(TARGET_NAME)";
				SWIFT_EMIT_LOC_STRINGS = YES;
				SWIFT_VERSION = 5.0;
				TARGETED_DEVICE_FAMILY = "1,2";
			};
			name = Debug;
		};
		C392835B29DE9DAF00A4D221 /* Release */ = {
			isa = XCBuildConfiguration;
			buildSettings = {
				ASSETCATALOG_COMPILER_APPICON_NAME = AppIcon;
				ASSETCATALOG_COMPILER_GLOBAL_ACCENT_COLOR_NAME = AccentColor;
				CODE_SIGN_STYLE = Automatic;
				CURRENT_PROJECT_VERSION = 1;
				DEVELOPMENT_ASSET_PATHS = "\"Devote/Preview Content\"";
				DEVELOPMENT_TEAM = 828D2J84L9;
				ENABLE_PREVIEWS = YES;
				GENERATE_INFOPLIST_FILE = YES;
				INFOPLIST_FILE = Devote/Info.plist;
				INFOPLIST_KEY_UIApplicationSceneManifest_Generation = YES;
				INFOPLIST_KEY_UIApplicationSupportsIndirectInputEvents = YES;
				INFOPLIST_KEY_UISupportedInterfaceOrientations = UIInterfaceOrientationPortrait;
				LD_RUNPATH_SEARCH_PATHS = (
					"$(inherited)",
					"@executable_path/Frameworks",
				);
				MARKETING_VERSION = 1.0;
				PRODUCT_BUNDLE_IDENTIFIER = com.patriciafiona.Devote;
				PRODUCT_NAME = "$(TARGET_NAME)";
				SWIFT_EMIT_LOC_STRINGS = YES;
				SWIFT_VERSION = 5.0;
				TARGETED_DEVICE_FAMILY = "1,2";
			};
			name = Release;
		};
/* End XCBuildConfiguration section */

/* Begin XCConfigurationList section */
		C392834129DE9DAE00A4D221 /* Build configuration list for PBXProject "Devote" */ = {
			isa = XCConfigurationList;
			buildConfigurations = (
				C392835729DE9DAF00A4D221 /* Debug */,
				C392835829DE9DAF00A4D221 /* Release */,
			);
			defaultConfigurationIsVisible = 0;
			defaultConfigurationName = Release;
		};
		C392835929DE9DAF00A4D221 /* Build configuration list for PBXNativeTarget "Devote" */ = {
			isa = XCConfigurationList;
			buildConfigurations = (
				C392835A29DE9DAF00A4D221 /* Debug */,
				C392835B29DE9DAF00A4D221 /* Release */,
			);
			defaultConfigurationIsVisible = 0;
			defaultConfigurationName = Release;
		};
/* End XCConfigurationList section */

/* Begin XCVersionGroup section */
		C392835429DE9DAF00A4D221 /* Devote.xcdatamodeld */ = {
			isa = XCVersionGroup;
			children = (
				C392835529DE9DAF00A4D221 /* Devote.xcdatamodel */,
			);
			currentVersion = C392835529DE9DAF00A4D221 /* Devote.xcdatamodel */;
			path = Devote.xcdatamodeld;
			sourceTree = "<group>";
			versionGroupType = wrapper.xcdatamodel;
		};
/* End XCVersionGroup section */
	};
	rootObject = C392833E29DE9DAE00A4D221 /* Project object */;
}
