// !$*UTF8*$!
{
	archiveVersion = 1;
	classes = {
	};
	objectVersion = 55;
	objects = {

/* Begin PBXBuildFile section */
		630E82ED299B6E49006691A6 /* pinch_imageApp.swift in Sources */ = {isa = PBXBuildFile; fileRef = 630E82EC299B6E49006691A6 /* pinch_imageApp.swift */; };
		630E82EF299B6E49006691A6 /* ContentView.swift in Sources */ = {isa = PBXBuildFile; fileRef = 630E82EE299B6E49006691A6 /* ContentView.swift */; };
		630E82F1299B6E4B006691A6 /* Assets.xcassets in Resources */ = {isa = PBXBuildFile; fileRef = 630E82F0299B6E4B006691A6 /* Assets.xcassets */; };
		630E82F4299B6E4B006691A6 /* Preview Assets.xcassets in Resources */ = {isa = PBXBuildFile; fileRef = 630E82F3299B6E4B006691A6 /* Preview Assets.xcassets */; };
		63D3D4F3299B7ADA004C9815 /* InfoPanelView.swift in Sources */ = {isa = PBXBuildFile; fileRef = 63D3D4F2299B7ADA004C9815 /* InfoPanelView.swift */; };
		63D3D4F5299B7EFC004C9815 /* ControlImageView.swift in Sources */ = {isa = PBXBuildFile; fileRef = 63D3D4F4299B7EFC004C9815 /* ControlImageView.swift */; };
		63D3D4F7299B8F61004C9815 /* PageModel.swift in Sources */ = {isa = PBXBuildFile; fileRef = 63D3D4F6299B8F61004C9815 /* PageModel.swift */; };
		63D3D4F9299B8F93004C9815 /* PageData.swift in Sources */ = {isa = PBXBuildFile; fileRef = 63D3D4F8299B8F93004C9815 /* PageData.swift */; };
/* End PBXBuildFile section */

/* Begin PBXFileReference section */
		630E82E9299B6E49006691A6 /* pinch_image.app */ = {isa = PBXFileReference; explicitFileType = wrapper.application; includeInIndex = 0; path = pinch_image.app; sourceTree = BUILT_PRODUCTS_DIR; };
		630E82EC299B6E49006691A6 /* pinch_imageApp.swift */ = {isa = PBXFileReference; lastKnownFileType = sourcecode.swift; path = pinch_imageApp.swift; sourceTree = "<group>"; };
		630E82EE299B6E49006691A6 /* ContentView.swift */ = {isa = PBXFileReference; lastKnownFileType = sourcecode.swift; path = ContentView.swift; sourceTree = "<group>"; };
		630E82F0299B6E4B006691A6 /* Assets.xcassets */ = {isa = PBXFileReference; lastKnownFileType = folder.assetcatalog; path = Assets.xcassets; sourceTree = "<group>"; };
		630E82F3299B6E4B006691A6 /* Preview Assets.xcassets */ = {isa = PBXFileReference; lastKnownFileType = folder.assetcatalog; path = "Preview Assets.xcassets"; sourceTree = "<group>"; };
		63D3D4F2299B7ADA004C9815 /* InfoPanelView.swift */ = {isa = PBXFileReference; lastKnownFileType = sourcecode.swift; path = InfoPanelView.swift; sourceTree = "<group>"; };
		63D3D4F4299B7EFC004C9815 /* ControlImageView.swift */ = {isa = PBXFileReference; lastKnownFileType = sourcecode.swift; path = ControlImageView.swift; sourceTree = "<group>"; };
		63D3D4F6299B8F61004C9815 /* PageModel.swift */ = {isa = PBXFileReference; lastKnownFileType = sourcecode.swift; path = PageModel.swift; sourceTree = "<group>"; };
		63D3D4F8299B8F93004C9815 /* PageData.swift */ = {isa = PBXFileReference; lastKnownFileType = sourcecode.swift; path = PageData.swift; sourceTree = "<group>"; };
/* End PBXFileReference section */

/* Begin PBXFrameworksBuildPhase section */
		630E82E6299B6E49006691A6 /* Frameworks */ = {
			isa = PBXFrameworksBuildPhase;
			buildActionMask = 2147483647;
			files = (
			);
			runOnlyForDeploymentPostprocessing = 0;
		};
/* End PBXFrameworksBuildPhase section */

/* Begin PBXGroup section */
		630E82E0299B6E49006691A6 = {
			isa = PBXGroup;
			children = (
				630E82EB299B6E49006691A6 /* pinch_image */,
				630E82EA299B6E49006691A6 /* Products */,
			);
			sourceTree = "<group>";
		};
		630E82EA299B6E49006691A6 /* Products */ = {
			isa = PBXGroup;
			children = (
				630E82E9299B6E49006691A6 /* pinch_image.app */,
			);
			name = Products;
			sourceTree = "<group>";
		};
		630E82EB299B6E49006691A6 /* pinch_image */ = {
			isa = PBXGroup;
			children = (
				630E82FE299B709A006691A6 /* Data */,
				630E82FD299B708B006691A6 /* Model */,
				630E82FC299B6ECE006691A6 /* Screen */,
				630E82FB299B6EC3006691A6 /* View */,
				630E82FA299B6EA5006691A6 /* Based */,
				630E82EC299B6E49006691A6 /* pinch_imageApp.swift */,
				630E82F2299B6E4B006691A6 /* Preview Content */,
			);
			path = pinch_image;
			sourceTree = "<group>";
		};
		630E82F2299B6E4B006691A6 /* Preview Content */ = {
			isa = PBXGroup;
			children = (
				630E82F3299B6E4B006691A6 /* Preview Assets.xcassets */,
			);
			path = "Preview Content";
			sourceTree = "<group>";
		};
		630E82FA299B6EA5006691A6 /* Based */ = {
			isa = PBXGroup;
			children = (
				630E82F0299B6E4B006691A6 /* Assets.xcassets */,
			);
			path = Based;
			sourceTree = "<group>";
		};
		630E82FB299B6EC3006691A6 /* View */ = {
			isa = PBXGroup;
			children = (
				63D3D4F2299B7ADA004C9815 /* InfoPanelView.swift */,
				63D3D4F4299B7EFC004C9815 /* ControlImageView.swift */,
			);
			path = View;
			sourceTree = "<group>";
		};
		630E82FC299B6ECE006691A6 /* Screen */ = {
			isa = PBXGroup;
			children = (
				630E82EE299B6E49006691A6 /* ContentView.swift */,
			);
			path = Screen;
			sourceTree = "<group>";
		};
		630E82FD299B708B006691A6 /* Model */ = {
			isa = PBXGroup;
			children = (
				63D3D4F6299B8F61004C9815 /* PageModel.swift */,
			);
			path = Model;
			sourceTree = "<group>";
		};
		630E82FE299B709A006691A6 /* Data */ = {
			isa = PBXGroup;
			children = (
				63D3D4F8299B8F93004C9815 /* PageData.swift */,
			);
			path = Data;
			sourceTree = "<group>";
		};
/* End PBXGroup section */

/* Begin PBXNativeTarget section */
		630E82E8299B6E49006691A6 /* pinch_image */ = {
			isa = PBXNativeTarget;
			buildConfigurationList = 630E82F7299B6E4B006691A6 /* Build configuration list for PBXNativeTarget "pinch_image" */;
			buildPhases = (
				630E82E5299B6E49006691A6 /* Sources */,
				630E82E6299B6E49006691A6 /* Frameworks */,
				630E82E7299B6E49006691A6 /* Resources */,
			);
			buildRules = (
			);
			dependencies = (
			);
			name = pinch_image;
			productName = pinch_image;
			productReference = 630E82E9299B6E49006691A6 /* pinch_image.app */;
			productType = "com.apple.product-type.application";
		};
/* End PBXNativeTarget section */

/* Begin PBXProject section */
		630E82E1299B6E49006691A6 /* Project object */ = {
			isa = PBXProject;
			attributes = {
				BuildIndependentTargetsInParallel = 1;
				LastSwiftUpdateCheck = 1320;
				LastUpgradeCheck = 1320;
				TargetAttributes = {
					630E82E8299B6E49006691A6 = {
						CreatedOnToolsVersion = 13.2.1;
					};
				};
			};
			buildConfigurationList = 630E82E4299B6E49006691A6 /* Build configuration list for PBXProject "pinch_image" */;
			compatibilityVersion = "Xcode 13.0";
			developmentRegion = en;
			hasScannedForEncodings = 0;
			knownRegions = (
				en,
				Base,
			);
			mainGroup = 630E82E0299B6E49006691A6;
			productRefGroup = 630E82EA299B6E49006691A6 /* Products */;
			projectDirPath = "";
			projectRoot = "";
			targets = (
				630E82E8299B6E49006691A6 /* pinch_image */,
			);
		};
/* End PBXProject section */

/* Begin PBXResourcesBuildPhase section */
		630E82E7299B6E49006691A6 /* Resources */ = {
			isa = PBXResourcesBuildPhase;
			buildActionMask = 2147483647;
			files = (
				630E82F4299B6E4B006691A6 /* Preview Assets.xcassets in Resources */,
				630E82F1299B6E4B006691A6 /* Assets.xcassets in Resources */,
			);
			runOnlyForDeploymentPostprocessing = 0;
		};
/* End PBXResourcesBuildPhase section */

/* Begin PBXSourcesBuildPhase section */
		630E82E5299B6E49006691A6 /* Sources */ = {
			isa = PBXSourcesBuildPhase;
			buildActionMask = 2147483647;
			files = (
				63D3D4F5299B7EFC004C9815 /* ControlImageView.swift in Sources */,
				63D3D4F7299B8F61004C9815 /* PageModel.swift in Sources */,
				630E82EF299B6E49006691A6 /* ContentView.swift in Sources */,
				630E82ED299B6E49006691A6 /* pinch_imageApp.swift in Sources */,
				63D3D4F9299B8F93004C9815 /* PageData.swift in Sources */,
				63D3D4F3299B7ADA004C9815 /* InfoPanelView.swift in Sources */,
			);
			runOnlyForDeploymentPostprocessing = 0;
		};
/* End PBXSourcesBuildPhase section */

/* Begin XCBuildConfiguration section */
		630E82F5299B6E4B006691A6 /* Debug */ = {
			isa = XCBuildConfiguration;
			buildSettings = {
				ALWAYS_SEARCH_USER_PATHS = NO;
				CLANG_ANALYZER_NONNULL = YES;
				CLANG_ANALYZER_NUMBER_OBJECT_CONVERSION = YES_AGGRESSIVE;
				CLANG_CXX_LANGUAGE_STANDARD = "gnu++17";
				CLANG_CXX_LIBRARY = "libc++";
				CLANG_ENABLE_MODULES = YES;
				CLANG_ENABLE_OBJC_ARC = YES;
				CLANG_ENABLE_OBJC_WEAK = YES;
				CLANG_WARN_BLOCK_CAPTURE_AUTORELEASING = YES;
				CLANG_WARN_BOOL_CONVERSION = YES;
				CLANG_WARN_COMMA = YES;
				CLANG_WARN_CONSTANT_CONVERSION = YES;
				CLANG_WARN_DEPRECATED_OBJC_IMPLEMENTATIONS = YES;
				CLANG_WARN_DIRECT_OBJC_ISA_USAGE = YES_ERROR;
				CLANG_WARN_DOCUMENTATION_COMMENTS = YES;
				CLANG_WARN_EMPTY_BODY = YES;
				CLANG_WARN_ENUM_CONVERSION = YES;
				CLANG_WARN_INFINITE_RECURSION = YES;
				CLANG_WARN_INT_CONVERSION = YES;
				CLANG_WARN_NON_LITERAL_NULL_CONVERSION = YES;
				CLANG_WARN_OBJC_IMPLICIT_RETAIN_SELF = YES;
				CLANG_WARN_OBJC_LITERAL_CONVERSION = YES;
				CLANG_WARN_OBJC_ROOT_CLASS = YES_ERROR;
				CLANG_WARN_QUOTED_INCLUDE_IN_FRAMEWORK_HEADER = YES;
				CLANG_WARN_RANGE_LOOP_ANALYSIS = YES;
				CLANG_WARN_STRICT_PROTOTYPES = YES;
				CLANG_WARN_SUSPICIOUS_MOVE = YES;
				CLANG_WARN_UNGUARDED_AVAILABILITY = YES_AGGRESSIVE;
				CLANG_WARN_UNREACHABLE_CODE = YES;
				CLANG_WARN__DUPLICATE_METHOD_MATCH = YES;
				COPY_PHASE_STRIP = NO;
				DEBUG_INFORMATION_FORMAT = dwarf;
				ENABLE_STRICT_OBJC_MSGSEND = YES;
				ENABLE_TESTABILITY = YES;
				GCC_C_LANGUAGE_STANDARD = gnu11;
				GCC_DYNAMIC_NO_PIC = NO;
				GCC_NO_COMMON_BLOCKS = YES;
				GCC_OPTIMIZATION_LEVEL = 0;
				GCC_PREPROCESSOR_DEFINITIONS = (
					"DEBUG=1",
					"$(inherited)",
				);
				GCC_WARN_64_TO_32_BIT_CONVERSION = YES;
				GCC_WARN_ABOUT_RETURN_TYPE = YES_ERROR;
				GCC_WARN_UNDECLARED_SELECTOR = YES;
				GCC_WARN_UNINITIALIZED_AUTOS = YES_AGGRESSIVE;
				GCC_WARN_UNUSED_FUNCTION = YES;
				GCC_WARN_UNUSED_VARIABLE = YES;
				IPHONEOS_DEPLOYMENT_TARGET = 15.2;
				MTL_ENABLE_DEBUG_INFO = INCLUDE_SOURCE;
				MTL_FAST_MATH = YES;
				ONLY_ACTIVE_ARCH = YES;
				SDKROOT = iphoneos;
				SWIFT_ACTIVE_COMPILATION_CONDITIONS = DEBUG;
				SWIFT_OPTIMIZATION_LEVEL = "-Onone";
			};
			name = Debug;
		};
		630E82F6299B6E4B006691A6 /* Release */ = {
			isa = XCBuildConfiguration;
			buildSettings = {
				ALWAYS_SEARCH_USER_PATHS = NO;
				CLANG_ANALYZER_NONNULL = YES;
				CLANG_ANALYZER_NUMBER_OBJECT_CONVERSION = YES_AGGRESSIVE;
				CLANG_CXX_LANGUAGE_STANDARD = "gnu++17";
				CLANG_CXX_LIBRARY = "libc++";
				CLANG_ENABLE_MODULES = YES;
				CLANG_ENABLE_OBJC_ARC = YES;
				CLANG_ENABLE_OBJC_WEAK = YES;
				CLANG_WARN_BLOCK_CAPTURE_AUTORELEASING = YES;
				CLANG_WARN_BOOL_CONVERSION = YES;
				CLANG_WARN_COMMA = YES;
				CLANG_WARN_CONSTANT_CONVERSION = YES;
				CLANG_WARN_DEPRECATED_OBJC_IMPLEMENTATIONS = YES;
				CLANG_WARN_DIRECT_OBJC_ISA_USAGE = YES_ERROR;
				CLANG_WARN_DOCUMENTATION_COMMENTS = YES;
				CLANG_WARN_EMPTY_BODY = YES;
				CLANG_WARN_ENUM_CONVERSION = YES;
				CLANG_WARN_INFINITE_RECURSION = YES;
				CLANG_WARN_INT_CONVERSION = YES;
				CLANG_WARN_NON_LITERAL_NULL_CONVERSION = YES;
				CLANG_WARN_OBJC_IMPLICIT_RETAIN_SELF = YES;
				CLANG_WARN_OBJC_LITERAL_CONVERSION = YES;
				CLANG_WARN_OBJC_ROOT_CLASS = YES_ERROR;
				CLANG_WARN_QUOTED_INCLUDE_IN_FRAMEWORK_HEADER = YES;
				CLANG_WARN_RANGE_LOOP_ANALYSIS = YES;
				CLANG_WARN_STRICT_PROTOTYPES = YES;
				CLANG_WARN_SUSPICIOUS_MOVE = YES;
				CLANG_WARN_UNGUARDED_AVAILABILITY = YES_AGGRESSIVE;
				CLANG_WARN_UNREACHABLE_CODE = YES;
				CLANG_WARN__DUPLICATE_METHOD_MATCH = YES;
				COPY_PHASE_STRIP = NO;
				DEBUG_INFORMATION_FORMAT = "dwarf-with-dsym";
				ENABLE_NS_ASSERTIONS = NO;
				ENABLE_STRICT_OBJC_MSGSEND = YES;
				GCC_C_LANGUAGE_STANDARD = gnu11;
				GCC_NO_COMMON_BLOCKS = YES;
				GCC_WARN_64_TO_32_BIT_CONVERSION = YES;
				GCC_WARN_ABOUT_RETURN_TYPE = YES_ERROR;
				GCC_WARN_UNDECLARED_SELECTOR = YES;
				GCC_WARN_UNINITIALIZED_AUTOS = YES_AGGRESSIVE;
				GCC_WARN_UNUSED_FUNCTION = YES;
				GCC_WARN_UNUSED_VARIABLE = YES;
				IPHONEOS_DEPLOYMENT_TARGET = 15.2;
				MTL_ENABLE_DEBUG_INFO = NO;
				MTL_FAST_MATH = YES;
				SDKROOT = iphoneos;
				SWIFT_COMPILATION_MODE = wholemodule;
				SWIFT_OPTIMIZATION_LEVEL = "-O";
				VALIDATE_PRODUCT = YES;
			};
			name = Release;
		};
		630E82F8299B6E4B006691A6 /* Debug */ = {
			isa = XCBuildConfiguration;
			buildSettings = {
				ASSETCATALOG_COMPILER_APPICON_NAME = AppIcon;
				ASSETCATALOG_COMPILER_GLOBAL_ACCENT_COLOR_NAME = AccentColor;
				CODE_SIGN_STYLE = Automatic;
				CURRENT_PROJECT_VERSION = 1;
				DEVELOPMENT_ASSET_PATHS = "\"pinch_image/Preview Content\"";
				ENABLE_PREVIEWS = YES;
				GENERATE_INFOPLIST_FILE = YES;
				INFOPLIST_KEY_UIApplicationSceneManifest_Generation = YES;
				INFOPLIST_KEY_UIApplicationSupportsIndirectInputEvents = YES;
				INFOPLIST_KEY_UILaunchScreen_Generation = YES;
				INFOPLIST_KEY_UISupportedInterfaceOrientations = UIInterfaceOrientationPortrait;
				INFOPLIST_KEY_UISupportedInterfaceOrientations_iPad = "UIInterfaceOrientationPortrait UIInterfaceOrientationPortraitUpsideDown UIInterfaceOrientationLandscapeLeft UIInterfaceOrientationLandscapeRight";
				INFOPLIST_KEY_UISupportedInterfaceOrientations_iPhone = UIInterfaceOrientationPortrait;
				LD_RUNPATH_SEARCH_PATHS = (
					"$(inherited)",
					"@executable_path/Frameworks",
				);
				MARKETING_VERSION = 1.0;
				PRODUCT_BUNDLE_IDENTIFIER = "com.patriciafiona.pinch-image";
				PRODUCT_NAME = "$(TARGET_NAME)";
				SWIFT_EMIT_LOC_STRINGS = YES;
				SWIFT_VERSION = 5.0;
				TARGETED_DEVICE_FAMILY = "1,2";
			};
			name = Debug;
		};
		630E82F9299B6E4B006691A6 /* Release */ = {
			isa = XCBuildConfiguration;
			buildSettings = {
				ASSETCATALOG_COMPILER_APPICON_NAME = AppIcon;
				ASSETCATALOG_COMPILER_GLOBAL_ACCENT_COLOR_NAME = AccentColor;
				CODE_SIGN_STYLE = Automatic;
				CURRENT_PROJECT_VERSION = 1;
				DEVELOPMENT_ASSET_PATHS = "\"pinch_image/Preview Content\"";
				ENABLE_PREVIEWS = YES;
				GENERATE_INFOPLIST_FILE = YES;
				INFOPLIST_KEY_UIApplicationSceneManifest_Generation = YES;
				INFOPLIST_KEY_UIApplicationSupportsIndirectInputEvents = YES;
				INFOPLIST_KEY_UILaunchScreen_Generation = YES;
				INFOPLIST_KEY_UISupportedInterfaceOrientations = UIInterfaceOrientationPortrait;
				INFOPLIST_KEY_UISupportedInterfaceOrientations_iPad = "UIInterfaceOrientationPortrait UIInterfaceOrientationPortraitUpsideDown UIInterfaceOrientationLandscapeLeft UIInterfaceOrientationLandscapeRight";
				INFOPLIST_KEY_UISupportedInterfaceOrientations_iPhone = UIInterfaceOrientationPortrait;
				LD_RUNPATH_SEARCH_PATHS = (
					"$(inherited)",
					"@executable_path/Frameworks",
				);
				MARKETING_VERSION = 1.0;
				PRODUCT_BUNDLE_IDENTIFIER = "com.patriciafiona.pinch-image";
				PRODUCT_NAME = "$(TARGET_NAME)";
				SWIFT_EMIT_LOC_STRINGS = YES;
				SWIFT_VERSION = 5.0;
				TARGETED_DEVICE_FAMILY = "1,2";
			};
			name = Release;
		};
/* End XCBuildConfiguration section */

/* Begin XCConfigurationList section */
		630E82E4299B6E49006691A6 /* Build configuration list for PBXProject "pinch_image" */ = {
			isa = XCConfigurationList;
			buildConfigurations = (
				630E82F5299B6E4B006691A6 /* Debug */,
				630E82F6299B6E4B006691A6 /* Release */,
			);
			defaultConfigurationIsVisible = 0;
			defaultConfigurationName = Release;
		};
		630E82F7299B6E4B006691A6 /* Build configuration list for PBXNativeTarget "pinch_image" */ = {
			isa = XCConfigurationList;
			buildConfigurations = (
				630E82F8299B6E4B006691A6 /* Debug */,
				630E82F9299B6E4B006691A6 /* Release */,
			);
			defaultConfigurationIsVisible = 0;
			defaultConfigurationName = Release;
		};
/* End XCConfigurationList section */
	};
	rootObject = 630E82E1299B6E49006691A6 /* Project object */;
}
